
Microsoft Visual Studio Solution File, Format Version 12.00
# Visual Studio Version 16
VisualStudioVersion = 16.0.28922.388
MinimumVisualStudioVersion = 10.0.40219.1
Project("{2150E333-8FDC-42A3-9474-1A3956D46DE8}") = "src", "src", "{82223BC2-FD46-45B7-8714-A1BBB6FACC0E}"
EndProject
Project("{2150E333-8FDC-42A3-9474-1A3956D46DE8}") = "tests", "tests", "{FCFAE99C-C28A-44B7-A7BE-F9D5481C35B9}"
EndProject
Project("{2150E333-8FDC-42A3-9474-1A3956D46DE8}") = "Server", "Server", "{98B85CCA-E727-485B-AD3C-68AC2A2B0364}"
EndProject
Project("{9A19103F-16F7-4668-BE54-9A1E7A4F7556}") = "GladMMO.Server.Common", "src\Server\GladMMO.Server.Common\GladMMO.Server.Common.csproj", "{9A3A80BD-9A88-4604-B1C2-3BEB94773807}"
EndProject
Project("{2150E333-8FDC-42A3-9474-1A3956D46DE8}") = "Applications", "Applications", "{0478C448-622F-4C60-BDBB-E103D4A2520B}"
EndProject
Project("{2150E333-8FDC-42A3-9474-1A3956D46DE8}") = "Client", "Client", "{8C598CE2-9578-41F6-A195-24678617AE6F}"
EndProject
Project("{2150E333-8FDC-42A3-9474-1A3956D46DE8}") = "Models", "Models", "{572E4B21-970E-4889-9B0D-357816B1307C}"
EndProject
Project("{9A19103F-16F7-4668-BE54-9A1E7A4F7556}") = "GladMMO.Models.Authentication", "src\GladMMO.Models.Authentication\GladMMO.Models.Authentication.csproj", "{04FD917B-A6D1-419F-B51E-0D5BD0EDECDD}"
EndProject
Project("{9A19103F-16F7-4668-BE54-9A1E7A4F7556}") = "GladMMO.Service.Authentication", "src\Server\GladMMO.Service.Authentication\GladMMO.Service.Authentication.csproj", "{FCC1F528-C205-4201-B86A-50194F11FC99}"
EndProject
Project("{9A19103F-16F7-4668-BE54-9A1E7A4F7556}") = "GladMMO.Service.ServiceDiscovery", "src\Server\GladMMO.Service.ServiceDiscovery\GladMMO.Service.ServiceDiscovery.csproj", "{5080C03E-8E6D-4C27-BE39-3E563821E3D2}"
EndProject
Project("{9A19103F-16F7-4668-BE54-9A1E7A4F7556}") = "GladMMO.Client.ServiceDiscovery", "src\Client\GladMMO.Client.ServiceDiscovery\GladMMO.Client.ServiceDiscovery.csproj", "{E2B40445-D90B-430D-8BA4-A321628D6C9E}"
EndProject
Project("{9A19103F-16F7-4668-BE54-9A1E7A4F7556}") = "GladMMO.Models.ServerSelection", "src\GladMMO.Models.ServerSelection\GladMMO.Models.ServerSelection.csproj", "{9C4FE235-CEEE-4787-9C7F-9E6198D02364}"
EndProject
Project("{9A19103F-16F7-4668-BE54-9A1E7A4F7556}") = "GladMMO.Client.ServerSelection", "src\Client\GladMMO.Client.ServerSelection\GladMMO.Client.ServerSelection.csproj", "{07357D90-27C3-4CA3-BB57-201DDCD03875}"
EndProject
Project("{9A19103F-16F7-4668-BE54-9A1E7A4F7556}") = "GladMMO.Service.ServerSelection", "src\Server\GladMMO.Service.ServerSelection\GladMMO.Service.ServerSelection.csproj", "{A4A46064-B720-4B94-862F-7FEEAC4127EA}"
EndProject
Project("{9A19103F-16F7-4668-BE54-9A1E7A4F7556}") = "GladMMO.Database.Common", "src\Server\GladMMO.Database.Common\GladMMO.Database.Common.csproj", "{2CE6DE11-C258-4723-BBB5-8CA4F3CC926A}"
EndProject
Project("{9A19103F-16F7-4668-BE54-9A1E7A4F7556}") = "GladMMO.Models.Common", "src\GladMMO.Models.Common\GladMMO.Models.Common.csproj", "{4E15BFBA-E442-453F-BD29-0C9F4E0711B6}"
EndProject
Project("{9A19103F-16F7-4668-BE54-9A1E7A4F7556}") = "GladMMO.Models.ServiceDiscovery", "src\GladMMO.Models.ServiceDiscovery\GladMMO.Models.ServiceDiscovery.csproj", "{C41FF379-086B-4911-A4B6-4EAFFE20366F}"
EndProject
Project("{2150E333-8FDC-42A3-9474-1A3956D46DE8}") = "Models", "Models", "{4AF2F4D3-7259-4BD7-BA87-E4F05244A48B}"
EndProject
Project("{2150E333-8FDC-42A3-9474-1A3956D46DE8}") = "Common", "Common", "{D0FA9394-9069-405B-9E01-274A489B84A2}"
EndProject
Project("{9A19103F-16F7-4668-BE54-9A1E7A4F7556}") = "GladMMO.Network.Common", "src\GladMMO.Network.Common\GladMMO.Network.Common.csproj", "{D0371103-0B15-4DED-A7E1-D49EBD697822}"
EndProject
Project("{9A19103F-16F7-4668-BE54-9A1E7A4F7556}") = "GladMMO.Client.All", "src\GladMMO.Client.All\GladMMO.Client.All.csproj", "{400DECE1-46A9-4E9F-8F6C-D0A87CA2AD03}"
EndProject
Project("{9A19103F-16F7-4668-BE54-9A1E7A4F7556}") = "GladMMO.Client.Common", "src\GladMMO.Client.Common\GladMMO.Client.Common.csproj", "{A541ABAF-5F9B-4800-8CD0-3BC722DD2699}"
EndProject
Project("{9A19103F-16F7-4668-BE54-9A1E7A4F7556}") = "GladMMO.Client.Game", "src\Client\GladMMO.Client.Game\GladMMO.Client.Game.csproj", "{2896B433-69F7-46AB-B266-0F7274AA9C97}"
EndProject
Project("{9A19103F-16F7-4668-BE54-9A1E7A4F7556}") = "GladMMO.Unity.Common", "src\GladMMO.Unity.Common\GladMMO.Unity.Common.csproj", "{7E754EE8-795A-4CDB-B2C4-C5B61940D5A5}"
EndProject
Project("{2150E333-8FDC-42A3-9474-1A3956D46DE8}") = "Shared", "Shared", "{BECC74B7-AAF8-4BCB-BAF5-31F479A4F9B0}"
EndProject
Project("{2150E333-8FDC-42A3-9474-1A3956D46DE8}") = "Server", "Server", "{0B0A091D-D140-4504-8D1F-5FBEA303F37E}"
EndProject
Project("{9A19103F-16F7-4668-BE54-9A1E7A4F7556}") = "GladMMO.Common", "src\GladMMO.Common\GladMMO.Common.csproj", "{73252DFC-DE22-464B-8E30-C53C4B0348B4}"
EndProject
Project("{9A19103F-16F7-4668-BE54-9A1E7A4F7556}") = "GladMMO.Tests", "test\GladMMO.Tests\GladMMO.Tests.csproj", "{983F41F2-7851-4544-867C-E25F81F8DFEB}"
EndProject
Project("{9A19103F-16F7-4668-BE54-9A1E7A4F7556}") = "GladMMO.ZoneServer.Common", "src\GladMMO.ZoneServer.Common\GladMMO.ZoneServer.Common.csproj", "{FDC602F7-05D3-432E-BD39-F6FBBD65A32E}"
EndProject
Project("{9A19103F-16F7-4668-BE54-9A1E7A4F7556}") = "GladMMO.Client.Authentication", "src\GladMMO.Client.Authentication\GladMMO.Client.Authentication.csproj", "{6F43D196-DB82-4429-8BD8-8D759B153B88}"
EndProject
Project("{2150E333-8FDC-42A3-9474-1A3956D46DE8}") = "Voice", "Voice", "{AE5373CE-6ECE-4314-95AF-A382C8A87E1C}"
EndProject
Project("{2150E333-8FDC-42A3-9474-1A3956D46DE8}") = "IK", "IK", "{E4BE989E-6AA4-4CC9-9822-D84A6DEFCA1C}"
EndProject
Project("{9A19103F-16F7-4668-BE54-9A1E7A4F7556}") = "GladMMO.Client.Editor", "src\GladMMO.Client.Editor\GladMMO.Client.Editor.csproj", "{CB062265-D346-4483-9BCE-1F9B9001398E}"
EndProject
Project("{9A19103F-16F7-4668-BE54-9A1E7A4F7556}") = "GladMMO.Social.Common", "src\GladMMO.Social.Common\GladMMO.Social.Common.csproj", "{FEA15159-99D2-43C2-89BC-85C3ABFA9756}"
EndProject
Project("{9A19103F-16F7-4668-BE54-9A1E7A4F7556}") = "GladMMO.Service.Common", "src\Server\GladMMO.Service.Common\GladMMO.Service.Common.csproj", "{8066613B-2495-484B-988D-F99E665D2D5D}"
EndProject
Project("{9A19103F-16F7-4668-BE54-9A1E7A4F7556}") = "GladMMO.Models.Social", "src\GladMMO.Models.Social\GladMMO.Models.Social.csproj", "{0419C966-A7EE-4C32-AEB0-A406C31F733B}"
EndProject
Project("{9A19103F-16F7-4668-BE54-9A1E7A4F7556}") = "GladMMO.Service.Social", "src\Server\GladMMO.Service.Social\GladMMO.Service.Social.csproj", "{7F224F16-CED0-4F27-92E1-5D9764B89DBF}"
EndProject
Project("{9A19103F-16F7-4668-BE54-9A1E7A4F7556}") = "GladMMO.Database.GameServer", "src\Server\GladMMO.Database.GameServer\GladMMO.Database.GameServer.csproj", "{730F0707-7974-4EA9-A1DC-0339C9279D5F}"
EndProject
Project("{9A19103F-16F7-4668-BE54-9A1E7A4F7556}") = "GladMMO.Service.GameServer", "src\Server\GladMMO.Service.GameServer\GladMMO.Service.GameServer.csproj", "{468603D7-6D01-441B-BCEC-BED7F377562E}"
EndProject
Project("{9A19103F-16F7-4668-BE54-9A1E7A4F7556}") = "GladMMO.Models.GameServer", "src\GladMMO.Models.GameServer\GladMMO.Models.GameServer.csproj", "{45191700-B9F8-4643-8C2A-08D2D7B8D8A9}"
EndProject
Project("{9A19103F-16F7-4668-BE54-9A1E7A4F7556}") = "GladMMO.Models.Server.ZoneServer", "src\GladMMO.Models.Server.ZoneServer\GladMMO.Models.Server.ZoneServer.csproj", "{054BC8CE-5703-445A-BD6E-B438791739A3}"
EndProject
Project("{9A19103F-16F7-4668-BE54-9A1E7A4F7556}") = "GladMMO.Client.CharacterService", "src\Client\GladMMO.Client.CharacterService\GladMMO.Client.CharacterService.csproj", "{F9CDA439-A658-4699-A5C4-091242F7E5D1}"
EndProject
Project("{9A19103F-16F7-4668-BE54-9A1E7A4F7556}") = "GladMMO.Client.NameQueryService", "src\Client\GladMMO.Client.NameQueryService\GladMMO.Client.NameQueryService.csproj", "{0B4CDE6F-6E9C-41C4-A4A3-B9FF7E0F38CE}"
EndProject
Project("{9A19103F-16F7-4668-BE54-9A1E7A4F7556}") = "GladMMO.Server.ZoneServer", "src\Server\GladMMO.Server.ZoneServer\GladMMO.Server.ZoneServer.csproj", "{AED3DE38-FEE1-4DD5-B9D8-BC33C64CDA56}"
EndProject
Project("{9A19103F-16F7-4668-BE54-9A1E7A4F7556}") = "GladMMO.Payloads.ZoneServer", "src\GladMMO.Payloads.ZoneServer\GladMMO.Payloads.ZoneServer.csproj", "{6EC46B4D-E269-4661-B11D-3D33F37A6D1E}"
EndProject
Global
	GlobalSection(SolutionConfigurationPlatforms) = preSolution
		Database_Migration|Any CPU = Database_Migration|Any CPU
		DEBUG_LOCAL|Any CPU = DEBUG_LOCAL|Any CPU
		Debug|Any CPU = Debug|Any CPU
		Debug-Local|Any CPU = Debug-Local|Any CPU
		Release|Any CPU = Release|Any CPU
	EndGlobalSection
	GlobalSection(ProjectConfigurationPlatforms) = postSolution
		{9A3A80BD-9A88-4604-B1C2-3BEB94773807}.Database_Migration|Any CPU.ActiveCfg = Database_Migration|Any CPU
		{9A3A80BD-9A88-4604-B1C2-3BEB94773807}.Database_Migration|Any CPU.Build.0 = Database_Migration|Any CPU
		{9A3A80BD-9A88-4604-B1C2-3BEB94773807}.DEBUG_LOCAL|Any CPU.ActiveCfg = DEBUG_LOCAL|Any CPU
		{9A3A80BD-9A88-4604-B1C2-3BEB94773807}.DEBUG_LOCAL|Any CPU.Build.0 = DEBUG_LOCAL|Any CPU
		{9A3A80BD-9A88-4604-B1C2-3BEB94773807}.Debug|Any CPU.ActiveCfg = Debug|Any CPU
		{9A3A80BD-9A88-4604-B1C2-3BEB94773807}.Debug|Any CPU.Build.0 = Debug|Any CPU
		{9A3A80BD-9A88-4604-B1C2-3BEB94773807}.Debug-Local|Any CPU.ActiveCfg = Debug-Local|Any CPU
		{9A3A80BD-9A88-4604-B1C2-3BEB94773807}.Debug-Local|Any CPU.Build.0 = Debug-Local|Any CPU
		{9A3A80BD-9A88-4604-B1C2-3BEB94773807}.Release|Any CPU.ActiveCfg = Release|Any CPU
		{9A3A80BD-9A88-4604-B1C2-3BEB94773807}.Release|Any CPU.Build.0 = Release|Any CPU
		{04FD917B-A6D1-419F-B51E-0D5BD0EDECDD}.Database_Migration|Any CPU.ActiveCfg = Database_Migration|Any CPU
		{04FD917B-A6D1-419F-B51E-0D5BD0EDECDD}.Database_Migration|Any CPU.Build.0 = Database_Migration|Any CPU
		{04FD917B-A6D1-419F-B51E-0D5BD0EDECDD}.DEBUG_LOCAL|Any CPU.ActiveCfg = DEBUG_LOCAL|Any CPU
		{04FD917B-A6D1-419F-B51E-0D5BD0EDECDD}.DEBUG_LOCAL|Any CPU.Build.0 = DEBUG_LOCAL|Any CPU
		{04FD917B-A6D1-419F-B51E-0D5BD0EDECDD}.Debug|Any CPU.ActiveCfg = Debug|Any CPU
		{04FD917B-A6D1-419F-B51E-0D5BD0EDECDD}.Debug|Any CPU.Build.0 = Debug|Any CPU
		{04FD917B-A6D1-419F-B51E-0D5BD0EDECDD}.Debug-Local|Any CPU.ActiveCfg = Debug-Local|Any CPU
		{04FD917B-A6D1-419F-B51E-0D5BD0EDECDD}.Debug-Local|Any CPU.Build.0 = Debug-Local|Any CPU
		{04FD917B-A6D1-419F-B51E-0D5BD0EDECDD}.Release|Any CPU.ActiveCfg = Release|Any CPU
		{04FD917B-A6D1-419F-B51E-0D5BD0EDECDD}.Release|Any CPU.Build.0 = Release|Any CPU
		{FCC1F528-C205-4201-B86A-50194F11FC99}.Database_Migration|Any CPU.ActiveCfg = Database_Migration|Any CPU
		{FCC1F528-C205-4201-B86A-50194F11FC99}.Database_Migration|Any CPU.Build.0 = Database_Migration|Any CPU
		{FCC1F528-C205-4201-B86A-50194F11FC99}.DEBUG_LOCAL|Any CPU.ActiveCfg = DEBUG_LOCAL|Any CPU
		{FCC1F528-C205-4201-B86A-50194F11FC99}.DEBUG_LOCAL|Any CPU.Build.0 = DEBUG_LOCAL|Any CPU
		{FCC1F528-C205-4201-B86A-50194F11FC99}.Debug|Any CPU.ActiveCfg = Debug|Any CPU
		{FCC1F528-C205-4201-B86A-50194F11FC99}.Debug|Any CPU.Build.0 = Debug|Any CPU
		{FCC1F528-C205-4201-B86A-50194F11FC99}.Debug-Local|Any CPU.ActiveCfg = Debug-Local|Any CPU
		{FCC1F528-C205-4201-B86A-50194F11FC99}.Debug-Local|Any CPU.Build.0 = Debug-Local|Any CPU
		{FCC1F528-C205-4201-B86A-50194F11FC99}.Release|Any CPU.ActiveCfg = Release|Any CPU
		{FCC1F528-C205-4201-B86A-50194F11FC99}.Release|Any CPU.Build.0 = Release|Any CPU
		{5080C03E-8E6D-4C27-BE39-3E563821E3D2}.Database_Migration|Any CPU.ActiveCfg = Database_Migration|Any CPU
		{5080C03E-8E6D-4C27-BE39-3E563821E3D2}.Database_Migration|Any CPU.Build.0 = Database_Migration|Any CPU
		{5080C03E-8E6D-4C27-BE39-3E563821E3D2}.DEBUG_LOCAL|Any CPU.ActiveCfg = DEBUG_LOCAL|Any CPU
		{5080C03E-8E6D-4C27-BE39-3E563821E3D2}.DEBUG_LOCAL|Any CPU.Build.0 = DEBUG_LOCAL|Any CPU
		{5080C03E-8E6D-4C27-BE39-3E563821E3D2}.Debug|Any CPU.ActiveCfg = Debug|Any CPU
		{5080C03E-8E6D-4C27-BE39-3E563821E3D2}.Debug|Any CPU.Build.0 = Debug|Any CPU
		{5080C03E-8E6D-4C27-BE39-3E563821E3D2}.Debug-Local|Any CPU.ActiveCfg = Debug-Local|Any CPU
		{5080C03E-8E6D-4C27-BE39-3E563821E3D2}.Debug-Local|Any CPU.Build.0 = Debug-Local|Any CPU
		{5080C03E-8E6D-4C27-BE39-3E563821E3D2}.Release|Any CPU.ActiveCfg = Release|Any CPU
		{5080C03E-8E6D-4C27-BE39-3E563821E3D2}.Release|Any CPU.Build.0 = Release|Any CPU
		{E2B40445-D90B-430D-8BA4-A321628D6C9E}.Database_Migration|Any CPU.ActiveCfg = Debug|Any CPU
		{E2B40445-D90B-430D-8BA4-A321628D6C9E}.Database_Migration|Any CPU.Build.0 = Debug|Any CPU
		{E2B40445-D90B-430D-8BA4-A321628D6C9E}.DEBUG_LOCAL|Any CPU.ActiveCfg = Debug|Any CPU
		{E2B40445-D90B-430D-8BA4-A321628D6C9E}.DEBUG_LOCAL|Any CPU.Build.0 = Debug|Any CPU
		{E2B40445-D90B-430D-8BA4-A321628D6C9E}.Debug|Any CPU.ActiveCfg = Debug|Any CPU
		{E2B40445-D90B-430D-8BA4-A321628D6C9E}.Debug|Any CPU.Build.0 = Debug|Any CPU
		{E2B40445-D90B-430D-8BA4-A321628D6C9E}.Debug-Local|Any CPU.ActiveCfg = Debug|Any CPU
		{E2B40445-D90B-430D-8BA4-A321628D6C9E}.Debug-Local|Any CPU.Build.0 = Debug|Any CPU
		{E2B40445-D90B-430D-8BA4-A321628D6C9E}.Release|Any CPU.ActiveCfg = Release|Any CPU
		{E2B40445-D90B-430D-8BA4-A321628D6C9E}.Release|Any CPU.Build.0 = Release|Any CPU
		{9C4FE235-CEEE-4787-9C7F-9E6198D02364}.Database_Migration|Any CPU.ActiveCfg = Database_Migration|Any CPU
		{9C4FE235-CEEE-4787-9C7F-9E6198D02364}.Database_Migration|Any CPU.Build.0 = Database_Migration|Any CPU
		{9C4FE235-CEEE-4787-9C7F-9E6198D02364}.DEBUG_LOCAL|Any CPU.ActiveCfg = DEBUG_LOCAL|Any CPU
		{9C4FE235-CEEE-4787-9C7F-9E6198D02364}.DEBUG_LOCAL|Any CPU.Build.0 = DEBUG_LOCAL|Any CPU
		{9C4FE235-CEEE-4787-9C7F-9E6198D02364}.Debug|Any CPU.ActiveCfg = Debug|Any CPU
		{9C4FE235-CEEE-4787-9C7F-9E6198D02364}.Debug|Any CPU.Build.0 = Debug|Any CPU
		{9C4FE235-CEEE-4787-9C7F-9E6198D02364}.Debug-Local|Any CPU.ActiveCfg = Debug-Local|Any CPU
		{9C4FE235-CEEE-4787-9C7F-9E6198D02364}.Debug-Local|Any CPU.Build.0 = Debug-Local|Any CPU
		{9C4FE235-CEEE-4787-9C7F-9E6198D02364}.Release|Any CPU.ActiveCfg = Release|Any CPU
		{9C4FE235-CEEE-4787-9C7F-9E6198D02364}.Release|Any CPU.Build.0 = Release|Any CPU
		{07357D90-27C3-4CA3-BB57-201DDCD03875}.Database_Migration|Any CPU.ActiveCfg = Debug|Any CPU
		{07357D90-27C3-4CA3-BB57-201DDCD03875}.Database_Migration|Any CPU.Build.0 = Debug|Any CPU
		{07357D90-27C3-4CA3-BB57-201DDCD03875}.DEBUG_LOCAL|Any CPU.ActiveCfg = Debug|Any CPU
		{07357D90-27C3-4CA3-BB57-201DDCD03875}.DEBUG_LOCAL|Any CPU.Build.0 = Debug|Any CPU
		{07357D90-27C3-4CA3-BB57-201DDCD03875}.Debug|Any CPU.ActiveCfg = Debug|Any CPU
		{07357D90-27C3-4CA3-BB57-201DDCD03875}.Debug|Any CPU.Build.0 = Debug|Any CPU
		{07357D90-27C3-4CA3-BB57-201DDCD03875}.Debug-Local|Any CPU.ActiveCfg = Debug|Any CPU
		{07357D90-27C3-4CA3-BB57-201DDCD03875}.Debug-Local|Any CPU.Build.0 = Debug|Any CPU
		{07357D90-27C3-4CA3-BB57-201DDCD03875}.Release|Any CPU.ActiveCfg = Release|Any CPU
		{07357D90-27C3-4CA3-BB57-201DDCD03875}.Release|Any CPU.Build.0 = Release|Any CPU
		{A4A46064-B720-4B94-862F-7FEEAC4127EA}.Database_Migration|Any CPU.ActiveCfg = Database_Migration|Any CPU
		{A4A46064-B720-4B94-862F-7FEEAC4127EA}.Database_Migration|Any CPU.Build.0 = Database_Migration|Any CPU
		{A4A46064-B720-4B94-862F-7FEEAC4127EA}.DEBUG_LOCAL|Any CPU.ActiveCfg = DEBUG_LOCAL|Any CPU
		{A4A46064-B720-4B94-862F-7FEEAC4127EA}.DEBUG_LOCAL|Any CPU.Build.0 = DEBUG_LOCAL|Any CPU
		{A4A46064-B720-4B94-862F-7FEEAC4127EA}.Debug|Any CPU.ActiveCfg = Debug|Any CPU
		{A4A46064-B720-4B94-862F-7FEEAC4127EA}.Debug|Any CPU.Build.0 = Debug|Any CPU
		{A4A46064-B720-4B94-862F-7FEEAC4127EA}.Debug-Local|Any CPU.ActiveCfg = Debug-Local|Any CPU
		{A4A46064-B720-4B94-862F-7FEEAC4127EA}.Debug-Local|Any CPU.Build.0 = Debug-Local|Any CPU
		{A4A46064-B720-4B94-862F-7FEEAC4127EA}.Release|Any CPU.ActiveCfg = Release|Any CPU
		{A4A46064-B720-4B94-862F-7FEEAC4127EA}.Release|Any CPU.Build.0 = Release|Any CPU
		{2CE6DE11-C258-4723-BBB5-8CA4F3CC926A}.Database_Migration|Any CPU.ActiveCfg = Debug|Any CPU
		{2CE6DE11-C258-4723-BBB5-8CA4F3CC926A}.Database_Migration|Any CPU.Build.0 = Debug|Any CPU
		{2CE6DE11-C258-4723-BBB5-8CA4F3CC926A}.DEBUG_LOCAL|Any CPU.ActiveCfg = Debug_Local|Any CPU
		{2CE6DE11-C258-4723-BBB5-8CA4F3CC926A}.DEBUG_LOCAL|Any CPU.Build.0 = Debug_Local|Any CPU
		{2CE6DE11-C258-4723-BBB5-8CA4F3CC926A}.Debug|Any CPU.ActiveCfg = Debug|Any CPU
		{2CE6DE11-C258-4723-BBB5-8CA4F3CC926A}.Debug|Any CPU.Build.0 = Debug|Any CPU
		{2CE6DE11-C258-4723-BBB5-8CA4F3CC926A}.Debug-Local|Any CPU.ActiveCfg = Debug_Local|Any CPU
		{2CE6DE11-C258-4723-BBB5-8CA4F3CC926A}.Debug-Local|Any CPU.Build.0 = Debug_Local|Any CPU
		{2CE6DE11-C258-4723-BBB5-8CA4F3CC926A}.Release|Any CPU.ActiveCfg = Release|Any CPU
		{2CE6DE11-C258-4723-BBB5-8CA4F3CC926A}.Release|Any CPU.Build.0 = Release|Any CPU
		{4E15BFBA-E442-453F-BD29-0C9F4E0711B6}.Database_Migration|Any CPU.ActiveCfg = Debug|Any CPU
		{4E15BFBA-E442-453F-BD29-0C9F4E0711B6}.Database_Migration|Any CPU.Build.0 = Debug|Any CPU
		{4E15BFBA-E442-453F-BD29-0C9F4E0711B6}.DEBUG_LOCAL|Any CPU.ActiveCfg = Debug_Local|Any CPU
		{4E15BFBA-E442-453F-BD29-0C9F4E0711B6}.DEBUG_LOCAL|Any CPU.Build.0 = Debug_Local|Any CPU
		{4E15BFBA-E442-453F-BD29-0C9F4E0711B6}.Debug|Any CPU.ActiveCfg = Debug|Any CPU
		{4E15BFBA-E442-453F-BD29-0C9F4E0711B6}.Debug|Any CPU.Build.0 = Debug|Any CPU
		{4E15BFBA-E442-453F-BD29-0C9F4E0711B6}.Debug-Local|Any CPU.ActiveCfg = Debug_Local|Any CPU
		{4E15BFBA-E442-453F-BD29-0C9F4E0711B6}.Debug-Local|Any CPU.Build.0 = Debug_Local|Any CPU
		{4E15BFBA-E442-453F-BD29-0C9F4E0711B6}.Release|Any CPU.ActiveCfg = Release|Any CPU
		{4E15BFBA-E442-453F-BD29-0C9F4E0711B6}.Release|Any CPU.Build.0 = Release|Any CPU
		{C41FF379-086B-4911-A4B6-4EAFFE20366F}.Database_Migration|Any CPU.ActiveCfg = Debug_Local|Any CPU
		{C41FF379-086B-4911-A4B6-4EAFFE20366F}.Database_Migration|Any CPU.Build.0 = Debug_Local|Any CPU
		{C41FF379-086B-4911-A4B6-4EAFFE20366F}.DEBUG_LOCAL|Any CPU.ActiveCfg = Debug_Local|Any CPU
		{C41FF379-086B-4911-A4B6-4EAFFE20366F}.DEBUG_LOCAL|Any CPU.Build.0 = Debug_Local|Any CPU
		{C41FF379-086B-4911-A4B6-4EAFFE20366F}.Debug|Any CPU.ActiveCfg = Debug|Any CPU
		{C41FF379-086B-4911-A4B6-4EAFFE20366F}.Debug|Any CPU.Build.0 = Debug|Any CPU
		{C41FF379-086B-4911-A4B6-4EAFFE20366F}.Debug-Local|Any CPU.ActiveCfg = Debug_Local|Any CPU
		{C41FF379-086B-4911-A4B6-4EAFFE20366F}.Debug-Local|Any CPU.Build.0 = Debug_Local|Any CPU
		{C41FF379-086B-4911-A4B6-4EAFFE20366F}.Release|Any CPU.ActiveCfg = Release|Any CPU
		{C41FF379-086B-4911-A4B6-4EAFFE20366F}.Release|Any CPU.Build.0 = Release|Any CPU
		{D0371103-0B15-4DED-A7E1-D49EBD697822}.Database_Migration|Any CPU.ActiveCfg = Debug|Any CPU
		{D0371103-0B15-4DED-A7E1-D49EBD697822}.Database_Migration|Any CPU.Build.0 = Debug|Any CPU
		{D0371103-0B15-4DED-A7E1-D49EBD697822}.DEBUG_LOCAL|Any CPU.ActiveCfg = Debug|Any CPU
		{D0371103-0B15-4DED-A7E1-D49EBD697822}.DEBUG_LOCAL|Any CPU.Build.0 = Debug|Any CPU
		{D0371103-0B15-4DED-A7E1-D49EBD697822}.Debug|Any CPU.ActiveCfg = Debug|Any CPU
		{D0371103-0B15-4DED-A7E1-D49EBD697822}.Debug|Any CPU.Build.0 = Debug|Any CPU
		{D0371103-0B15-4DED-A7E1-D49EBD697822}.Debug-Local|Any CPU.ActiveCfg = Debug|Any CPU
		{D0371103-0B15-4DED-A7E1-D49EBD697822}.Debug-Local|Any CPU.Build.0 = Debug|Any CPU
		{D0371103-0B15-4DED-A7E1-D49EBD697822}.Release|Any CPU.ActiveCfg = Release|Any CPU
		{D0371103-0B15-4DED-A7E1-D49EBD697822}.Release|Any CPU.Build.0 = Release|Any CPU
		{400DECE1-46A9-4E9F-8F6C-D0A87CA2AD03}.Database_Migration|Any CPU.ActiveCfg = Debug|Any CPU
		{400DECE1-46A9-4E9F-8F6C-D0A87CA2AD03}.Database_Migration|Any CPU.Build.0 = Debug|Any CPU
		{400DECE1-46A9-4E9F-8F6C-D0A87CA2AD03}.DEBUG_LOCAL|Any CPU.ActiveCfg = Debug|Any CPU
		{400DECE1-46A9-4E9F-8F6C-D0A87CA2AD03}.DEBUG_LOCAL|Any CPU.Build.0 = Debug|Any CPU
		{400DECE1-46A9-4E9F-8F6C-D0A87CA2AD03}.Debug|Any CPU.ActiveCfg = Debug|Any CPU
		{400DECE1-46A9-4E9F-8F6C-D0A87CA2AD03}.Debug|Any CPU.Build.0 = Debug|Any CPU
		{400DECE1-46A9-4E9F-8F6C-D0A87CA2AD03}.Debug-Local|Any CPU.ActiveCfg = Debug|Any CPU
		{400DECE1-46A9-4E9F-8F6C-D0A87CA2AD03}.Debug-Local|Any CPU.Build.0 = Debug|Any CPU
		{400DECE1-46A9-4E9F-8F6C-D0A87CA2AD03}.Release|Any CPU.ActiveCfg = Release|Any CPU
		{400DECE1-46A9-4E9F-8F6C-D0A87CA2AD03}.Release|Any CPU.Build.0 = Release|Any CPU
		{A541ABAF-5F9B-4800-8CD0-3BC722DD2699}.Database_Migration|Any CPU.ActiveCfg = Debug|Any CPU
		{A541ABAF-5F9B-4800-8CD0-3BC722DD2699}.Database_Migration|Any CPU.Build.0 = Debug|Any CPU
		{A541ABAF-5F9B-4800-8CD0-3BC722DD2699}.DEBUG_LOCAL|Any CPU.ActiveCfg = Debug|Any CPU
		{A541ABAF-5F9B-4800-8CD0-3BC722DD2699}.DEBUG_LOCAL|Any CPU.Build.0 = Debug|Any CPU
		{A541ABAF-5F9B-4800-8CD0-3BC722DD2699}.Debug|Any CPU.ActiveCfg = Debug|Any CPU
		{A541ABAF-5F9B-4800-8CD0-3BC722DD2699}.Debug|Any CPU.Build.0 = Debug|Any CPU
		{A541ABAF-5F9B-4800-8CD0-3BC722DD2699}.Debug-Local|Any CPU.ActiveCfg = Debug|Any CPU
		{A541ABAF-5F9B-4800-8CD0-3BC722DD2699}.Debug-Local|Any CPU.Build.0 = Debug|Any CPU
		{A541ABAF-5F9B-4800-8CD0-3BC722DD2699}.Release|Any CPU.ActiveCfg = Release|Any CPU
		{A541ABAF-5F9B-4800-8CD0-3BC722DD2699}.Release|Any CPU.Build.0 = Release|Any CPU
		{2896B433-69F7-46AB-B266-0F7274AA9C97}.Database_Migration|Any CPU.ActiveCfg = Debug|Any CPU
		{2896B433-69F7-46AB-B266-0F7274AA9C97}.Database_Migration|Any CPU.Build.0 = Debug|Any CPU
		{2896B433-69F7-46AB-B266-0F7274AA9C97}.DEBUG_LOCAL|Any CPU.ActiveCfg = Debug|Any CPU
		{2896B433-69F7-46AB-B266-0F7274AA9C97}.DEBUG_LOCAL|Any CPU.Build.0 = Debug|Any CPU
		{2896B433-69F7-46AB-B266-0F7274AA9C97}.Debug|Any CPU.ActiveCfg = Debug|Any CPU
		{2896B433-69F7-46AB-B266-0F7274AA9C97}.Debug|Any CPU.Build.0 = Debug|Any CPU
		{2896B433-69F7-46AB-B266-0F7274AA9C97}.Debug-Local|Any CPU.ActiveCfg = Debug|Any CPU
		{2896B433-69F7-46AB-B266-0F7274AA9C97}.Debug-Local|Any CPU.Build.0 = Debug|Any CPU
		{2896B433-69F7-46AB-B266-0F7274AA9C97}.Release|Any CPU.ActiveCfg = Release|Any CPU
		{2896B433-69F7-46AB-B266-0F7274AA9C97}.Release|Any CPU.Build.0 = Release|Any CPU
		{7E754EE8-795A-4CDB-B2C4-C5B61940D5A5}.Database_Migration|Any CPU.ActiveCfg = Debug|Any CPU
		{7E754EE8-795A-4CDB-B2C4-C5B61940D5A5}.Database_Migration|Any CPU.Build.0 = Debug|Any CPU
		{7E754EE8-795A-4CDB-B2C4-C5B61940D5A5}.DEBUG_LOCAL|Any CPU.ActiveCfg = Debug|Any CPU
		{7E754EE8-795A-4CDB-B2C4-C5B61940D5A5}.DEBUG_LOCAL|Any CPU.Build.0 = Debug|Any CPU
		{7E754EE8-795A-4CDB-B2C4-C5B61940D5A5}.Debug|Any CPU.ActiveCfg = Debug|Any CPU
		{7E754EE8-795A-4CDB-B2C4-C5B61940D5A5}.Debug|Any CPU.Build.0 = Debug|Any CPU
		{7E754EE8-795A-4CDB-B2C4-C5B61940D5A5}.Debug-Local|Any CPU.ActiveCfg = Debug|Any CPU
		{7E754EE8-795A-4CDB-B2C4-C5B61940D5A5}.Debug-Local|Any CPU.Build.0 = Debug|Any CPU
		{7E754EE8-795A-4CDB-B2C4-C5B61940D5A5}.Release|Any CPU.ActiveCfg = Release|Any CPU
		{7E754EE8-795A-4CDB-B2C4-C5B61940D5A5}.Release|Any CPU.Build.0 = Release|Any CPU
		{73252DFC-DE22-464B-8E30-C53C4B0348B4}.Database_Migration|Any CPU.ActiveCfg = Debug|Any CPU
		{73252DFC-DE22-464B-8E30-C53C4B0348B4}.Database_Migration|Any CPU.Build.0 = Debug|Any CPU
		{73252DFC-DE22-464B-8E30-C53C4B0348B4}.DEBUG_LOCAL|Any CPU.ActiveCfg = Debug|Any CPU
		{73252DFC-DE22-464B-8E30-C53C4B0348B4}.DEBUG_LOCAL|Any CPU.Build.0 = Debug|Any CPU
		{73252DFC-DE22-464B-8E30-C53C4B0348B4}.Debug|Any CPU.ActiveCfg = Debug|Any CPU
		{73252DFC-DE22-464B-8E30-C53C4B0348B4}.Debug|Any CPU.Build.0 = Debug|Any CPU
		{73252DFC-DE22-464B-8E30-C53C4B0348B4}.Debug-Local|Any CPU.ActiveCfg = Debug|Any CPU
		{73252DFC-DE22-464B-8E30-C53C4B0348B4}.Debug-Local|Any CPU.Build.0 = Debug|Any CPU
		{73252DFC-DE22-464B-8E30-C53C4B0348B4}.Release|Any CPU.ActiveCfg = Release|Any CPU
		{73252DFC-DE22-464B-8E30-C53C4B0348B4}.Release|Any CPU.Build.0 = Release|Any CPU
		{983F41F2-7851-4544-867C-E25F81F8DFEB}.Database_Migration|Any CPU.ActiveCfg = Debug|Any CPU
		{983F41F2-7851-4544-867C-E25F81F8DFEB}.Database_Migration|Any CPU.Build.0 = Debug|Any CPU
		{983F41F2-7851-4544-867C-E25F81F8DFEB}.DEBUG_LOCAL|Any CPU.ActiveCfg = Debug|Any CPU
		{983F41F2-7851-4544-867C-E25F81F8DFEB}.DEBUG_LOCAL|Any CPU.Build.0 = Debug|Any CPU
		{983F41F2-7851-4544-867C-E25F81F8DFEB}.Debug|Any CPU.ActiveCfg = Debug|Any CPU
		{983F41F2-7851-4544-867C-E25F81F8DFEB}.Debug|Any CPU.Build.0 = Debug|Any CPU
		{983F41F2-7851-4544-867C-E25F81F8DFEB}.Debug-Local|Any CPU.ActiveCfg = Debug|Any CPU
		{983F41F2-7851-4544-867C-E25F81F8DFEB}.Debug-Local|Any CPU.Build.0 = Debug|Any CPU
		{983F41F2-7851-4544-867C-E25F81F8DFEB}.Release|Any CPU.ActiveCfg = Release|Any CPU
		{983F41F2-7851-4544-867C-E25F81F8DFEB}.Release|Any CPU.Build.0 = Release|Any CPU
		{FDC602F7-05D3-432E-BD39-F6FBBD65A32E}.Database_Migration|Any CPU.ActiveCfg = Debug|Any CPU
		{FDC602F7-05D3-432E-BD39-F6FBBD65A32E}.Database_Migration|Any CPU.Build.0 = Debug|Any CPU
		{FDC602F7-05D3-432E-BD39-F6FBBD65A32E}.DEBUG_LOCAL|Any CPU.ActiveCfg = Debug|Any CPU
		{FDC602F7-05D3-432E-BD39-F6FBBD65A32E}.DEBUG_LOCAL|Any CPU.Build.0 = Debug|Any CPU
		{FDC602F7-05D3-432E-BD39-F6FBBD65A32E}.Debug|Any CPU.ActiveCfg = Debug|Any CPU
		{FDC602F7-05D3-432E-BD39-F6FBBD65A32E}.Debug|Any CPU.Build.0 = Debug|Any CPU
		{FDC602F7-05D3-432E-BD39-F6FBBD65A32E}.Debug-Local|Any CPU.ActiveCfg = Debug|Any CPU
		{FDC602F7-05D3-432E-BD39-F6FBBD65A32E}.Debug-Local|Any CPU.Build.0 = Debug|Any CPU
		{FDC602F7-05D3-432E-BD39-F6FBBD65A32E}.Release|Any CPU.ActiveCfg = Release|Any CPU
		{FDC602F7-05D3-432E-BD39-F6FBBD65A32E}.Release|Any CPU.Build.0 = Release|Any CPU
		{6F43D196-DB82-4429-8BD8-8D759B153B88}.Database_Migration|Any CPU.ActiveCfg = Debug|Any CPU
		{6F43D196-DB82-4429-8BD8-8D759B153B88}.Database_Migration|Any CPU.Build.0 = Debug|Any CPU
		{6F43D196-DB82-4429-8BD8-8D759B153B88}.DEBUG_LOCAL|Any CPU.ActiveCfg = Debug|Any CPU
		{6F43D196-DB82-4429-8BD8-8D759B153B88}.DEBUG_LOCAL|Any CPU.Build.0 = Debug|Any CPU
		{6F43D196-DB82-4429-8BD8-8D759B153B88}.Debug|Any CPU.ActiveCfg = Debug|Any CPU
		{6F43D196-DB82-4429-8BD8-8D759B153B88}.Debug|Any CPU.Build.0 = Debug|Any CPU
		{6F43D196-DB82-4429-8BD8-8D759B153B88}.Debug-Local|Any CPU.ActiveCfg = Debug|Any CPU
		{6F43D196-DB82-4429-8BD8-8D759B153B88}.Debug-Local|Any CPU.Build.0 = Debug|Any CPU
		{6F43D196-DB82-4429-8BD8-8D759B153B88}.Release|Any CPU.ActiveCfg = Release|Any CPU
		{6F43D196-DB82-4429-8BD8-8D759B153B88}.Release|Any CPU.Build.0 = Release|Any CPU
		{CB062265-D346-4483-9BCE-1F9B9001398E}.Database_Migration|Any CPU.ActiveCfg = Debug|Any CPU
		{CB062265-D346-4483-9BCE-1F9B9001398E}.Database_Migration|Any CPU.Build.0 = Debug|Any CPU
		{CB062265-D346-4483-9BCE-1F9B9001398E}.DEBUG_LOCAL|Any CPU.ActiveCfg = Debug|Any CPU
		{CB062265-D346-4483-9BCE-1F9B9001398E}.DEBUG_LOCAL|Any CPU.Build.0 = Debug|Any CPU
		{CB062265-D346-4483-9BCE-1F9B9001398E}.Debug|Any CPU.ActiveCfg = Debug|Any CPU
		{CB062265-D346-4483-9BCE-1F9B9001398E}.Debug|Any CPU.Build.0 = Debug|Any CPU
		{CB062265-D346-4483-9BCE-1F9B9001398E}.Debug-Local|Any CPU.ActiveCfg = Debug|Any CPU
		{CB062265-D346-4483-9BCE-1F9B9001398E}.Debug-Local|Any CPU.Build.0 = Debug|Any CPU
		{CB062265-D346-4483-9BCE-1F9B9001398E}.Release|Any CPU.ActiveCfg = Release|Any CPU
		{CB062265-D346-4483-9BCE-1F9B9001398E}.Release|Any CPU.Build.0 = Release|Any CPU
		{FEA15159-99D2-43C2-89BC-85C3ABFA9756}.Database_Migration|Any CPU.ActiveCfg = Debug|Any CPU
		{FEA15159-99D2-43C2-89BC-85C3ABFA9756}.Database_Migration|Any CPU.Build.0 = Debug|Any CPU
		{FEA15159-99D2-43C2-89BC-85C3ABFA9756}.DEBUG_LOCAL|Any CPU.ActiveCfg = Debug|Any CPU
		{FEA15159-99D2-43C2-89BC-85C3ABFA9756}.DEBUG_LOCAL|Any CPU.Build.0 = Debug|Any CPU
		{FEA15159-99D2-43C2-89BC-85C3ABFA9756}.Debug|Any CPU.ActiveCfg = Debug|Any CPU
		{FEA15159-99D2-43C2-89BC-85C3ABFA9756}.Debug|Any CPU.Build.0 = Debug|Any CPU
		{FEA15159-99D2-43C2-89BC-85C3ABFA9756}.Debug-Local|Any CPU.ActiveCfg = Debug|Any CPU
		{FEA15159-99D2-43C2-89BC-85C3ABFA9756}.Debug-Local|Any CPU.Build.0 = Debug|Any CPU
		{FEA15159-99D2-43C2-89BC-85C3ABFA9756}.Release|Any CPU.ActiveCfg = Release|Any CPU
		{FEA15159-99D2-43C2-89BC-85C3ABFA9756}.Release|Any CPU.Build.0 = Release|Any CPU
		{8066613B-2495-484B-988D-F99E665D2D5D}.Database_Migration|Any CPU.ActiveCfg = Debug|Any CPU
		{8066613B-2495-484B-988D-F99E665D2D5D}.Database_Migration|Any CPU.Build.0 = Debug|Any CPU
		{8066613B-2495-484B-988D-F99E665D2D5D}.DEBUG_LOCAL|Any CPU.ActiveCfg = Debug|Any CPU
		{8066613B-2495-484B-988D-F99E665D2D5D}.DEBUG_LOCAL|Any CPU.Build.0 = Debug|Any CPU
		{8066613B-2495-484B-988D-F99E665D2D5D}.Debug|Any CPU.ActiveCfg = Debug|Any CPU
		{8066613B-2495-484B-988D-F99E665D2D5D}.Debug|Any CPU.Build.0 = Debug|Any CPU
		{8066613B-2495-484B-988D-F99E665D2D5D}.Debug-Local|Any CPU.ActiveCfg = Debug|Any CPU
		{8066613B-2495-484B-988D-F99E665D2D5D}.Debug-Local|Any CPU.Build.0 = Debug|Any CPU
		{8066613B-2495-484B-988D-F99E665D2D5D}.Release|Any CPU.ActiveCfg = Release|Any CPU
		{8066613B-2495-484B-988D-F99E665D2D5D}.Release|Any CPU.Build.0 = Release|Any CPU
		{0419C966-A7EE-4C32-AEB0-A406C31F733B}.Database_Migration|Any CPU.ActiveCfg = Debug|Any CPU
		{0419C966-A7EE-4C32-AEB0-A406C31F733B}.Database_Migration|Any CPU.Build.0 = Debug|Any CPU
		{0419C966-A7EE-4C32-AEB0-A406C31F733B}.DEBUG_LOCAL|Any CPU.ActiveCfg = Debug|Any CPU
		{0419C966-A7EE-4C32-AEB0-A406C31F733B}.DEBUG_LOCAL|Any CPU.Build.0 = Debug|Any CPU
		{0419C966-A7EE-4C32-AEB0-A406C31F733B}.Debug|Any CPU.ActiveCfg = Debug|Any CPU
		{0419C966-A7EE-4C32-AEB0-A406C31F733B}.Debug|Any CPU.Build.0 = Debug|Any CPU
		{0419C966-A7EE-4C32-AEB0-A406C31F733B}.Debug-Local|Any CPU.ActiveCfg = Debug|Any CPU
		{0419C966-A7EE-4C32-AEB0-A406C31F733B}.Debug-Local|Any CPU.Build.0 = Debug|Any CPU
		{0419C966-A7EE-4C32-AEB0-A406C31F733B}.Release|Any CPU.ActiveCfg = Release|Any CPU
		{0419C966-A7EE-4C32-AEB0-A406C31F733B}.Release|Any CPU.Build.0 = Release|Any CPU
		{7F224F16-CED0-4F27-92E1-5D9764B89DBF}.Database_Migration|Any CPU.ActiveCfg = Debug|Any CPU
		{7F224F16-CED0-4F27-92E1-5D9764B89DBF}.Database_Migration|Any CPU.Build.0 = Debug|Any CPU
		{7F224F16-CED0-4F27-92E1-5D9764B89DBF}.DEBUG_LOCAL|Any CPU.ActiveCfg = Debug|Any CPU
		{7F224F16-CED0-4F27-92E1-5D9764B89DBF}.DEBUG_LOCAL|Any CPU.Build.0 = Debug|Any CPU
		{7F224F16-CED0-4F27-92E1-5D9764B89DBF}.Debug|Any CPU.ActiveCfg = Debug|Any CPU
		{7F224F16-CED0-4F27-92E1-5D9764B89DBF}.Debug|Any CPU.Build.0 = Debug|Any CPU
		{7F224F16-CED0-4F27-92E1-5D9764B89DBF}.Debug-Local|Any CPU.ActiveCfg = Debug|Any CPU
		{7F224F16-CED0-4F27-92E1-5D9764B89DBF}.Debug-Local|Any CPU.Build.0 = Debug|Any CPU
		{7F224F16-CED0-4F27-92E1-5D9764B89DBF}.Release|Any CPU.ActiveCfg = Release|Any CPU
		{7F224F16-CED0-4F27-92E1-5D9764B89DBF}.Release|Any CPU.Build.0 = Release|Any CPU
		{730F0707-7974-4EA9-A1DC-0339C9279D5F}.Database_Migration|Any CPU.ActiveCfg = Database_Migration|Any CPU
		{730F0707-7974-4EA9-A1DC-0339C9279D5F}.Database_Migration|Any CPU.Build.0 = Database_Migration|Any CPU
		{730F0707-7974-4EA9-A1DC-0339C9279D5F}.DEBUG_LOCAL|Any CPU.ActiveCfg = Debug_Local|Any CPU
		{730F0707-7974-4EA9-A1DC-0339C9279D5F}.DEBUG_LOCAL|Any CPU.Build.0 = Debug_Local|Any CPU
		{730F0707-7974-4EA9-A1DC-0339C9279D5F}.Debug|Any CPU.ActiveCfg = Debug|Any CPU
		{730F0707-7974-4EA9-A1DC-0339C9279D5F}.Debug|Any CPU.Build.0 = Debug|Any CPU
		{730F0707-7974-4EA9-A1DC-0339C9279D5F}.Debug-Local|Any CPU.ActiveCfg = Debug|Any CPU
		{730F0707-7974-4EA9-A1DC-0339C9279D5F}.Debug-Local|Any CPU.Build.0 = Debug|Any CPU
		{730F0707-7974-4EA9-A1DC-0339C9279D5F}.Release|Any CPU.ActiveCfg = Release|Any CPU
		{730F0707-7974-4EA9-A1DC-0339C9279D5F}.Release|Any CPU.Build.0 = Release|Any CPU
		{468603D7-6D01-441B-BCEC-BED7F377562E}.Database_Migration|Any CPU.ActiveCfg = Database_Migration|Any CPU
		{468603D7-6D01-441B-BCEC-BED7F377562E}.Database_Migration|Any CPU.Build.0 = Database_Migration|Any CPU
		{468603D7-6D01-441B-BCEC-BED7F377562E}.DEBUG_LOCAL|Any CPU.ActiveCfg = Debug_Local|Any CPU
		{468603D7-6D01-441B-BCEC-BED7F377562E}.DEBUG_LOCAL|Any CPU.Build.0 = Debug_Local|Any CPU
		{468603D7-6D01-441B-BCEC-BED7F377562E}.Debug|Any CPU.ActiveCfg = Debug|Any CPU
		{468603D7-6D01-441B-BCEC-BED7F377562E}.Debug|Any CPU.Build.0 = Debug|Any CPU
		{468603D7-6D01-441B-BCEC-BED7F377562E}.Debug-Local|Any CPU.ActiveCfg = Debug_Local|Any CPU
		{468603D7-6D01-441B-BCEC-BED7F377562E}.Debug-Local|Any CPU.Build.0 = Debug_Local|Any CPU
		{468603D7-6D01-441B-BCEC-BED7F377562E}.Release|Any CPU.ActiveCfg = Release|Any CPU
		{468603D7-6D01-441B-BCEC-BED7F377562E}.Release|Any CPU.Build.0 = Release|Any CPU
		{45191700-B9F8-4643-8C2A-08D2D7B8D8A9}.Database_Migration|Any CPU.ActiveCfg = Debug_Local|Any CPU
		{45191700-B9F8-4643-8C2A-08D2D7B8D8A9}.Database_Migration|Any CPU.Build.0 = Debug_Local|Any CPU
		{45191700-B9F8-4643-8C2A-08D2D7B8D8A9}.DEBUG_LOCAL|Any CPU.ActiveCfg = Debug_Local|Any CPU
		{45191700-B9F8-4643-8C2A-08D2D7B8D8A9}.DEBUG_LOCAL|Any CPU.Build.0 = Debug_Local|Any CPU
		{45191700-B9F8-4643-8C2A-08D2D7B8D8A9}.Debug|Any CPU.ActiveCfg = Debug|Any CPU
		{45191700-B9F8-4643-8C2A-08D2D7B8D8A9}.Debug|Any CPU.Build.0 = Debug|Any CPU
		{45191700-B9F8-4643-8C2A-08D2D7B8D8A9}.Debug-Local|Any CPU.ActiveCfg = Debug_Local|Any CPU
		{45191700-B9F8-4643-8C2A-08D2D7B8D8A9}.Debug-Local|Any CPU.Build.0 = Debug_Local|Any CPU
		{45191700-B9F8-4643-8C2A-08D2D7B8D8A9}.Release|Any CPU.ActiveCfg = Release|Any CPU
		{45191700-B9F8-4643-8C2A-08D2D7B8D8A9}.Release|Any CPU.Build.0 = Release|Any CPU
		{054BC8CE-5703-445A-BD6E-B438791739A3}.Database_Migration|Any CPU.ActiveCfg = Database_Migration|Any CPU
		{054BC8CE-5703-445A-BD6E-B438791739A3}.Database_Migration|Any CPU.Build.0 = Database_Migration|Any CPU
		{054BC8CE-5703-445A-BD6E-B438791739A3}.DEBUG_LOCAL|Any CPU.ActiveCfg = Debug_Local|Any CPU
		{054BC8CE-5703-445A-BD6E-B438791739A3}.DEBUG_LOCAL|Any CPU.Build.0 = Debug_Local|Any CPU
		{054BC8CE-5703-445A-BD6E-B438791739A3}.Debug|Any CPU.ActiveCfg = Debug|Any CPU
		{054BC8CE-5703-445A-BD6E-B438791739A3}.Debug|Any CPU.Build.0 = Debug|Any CPU
		{054BC8CE-5703-445A-BD6E-B438791739A3}.Debug-Local|Any CPU.ActiveCfg = Debug_Local|Any CPU
		{054BC8CE-5703-445A-BD6E-B438791739A3}.Debug-Local|Any CPU.Build.0 = Debug_Local|Any CPU
		{054BC8CE-5703-445A-BD6E-B438791739A3}.Release|Any CPU.ActiveCfg = Release|Any CPU
		{054BC8CE-5703-445A-BD6E-B438791739A3}.Release|Any CPU.Build.0 = Release|Any CPU
		{F9CDA439-A658-4699-A5C4-091242F7E5D1}.Database_Migration|Any CPU.ActiveCfg = Debug|Any CPU
		{F9CDA439-A658-4699-A5C4-091242F7E5D1}.Database_Migration|Any CPU.Build.0 = Debug|Any CPU
		{F9CDA439-A658-4699-A5C4-091242F7E5D1}.DEBUG_LOCAL|Any CPU.ActiveCfg = Debug|Any CPU
		{F9CDA439-A658-4699-A5C4-091242F7E5D1}.DEBUG_LOCAL|Any CPU.Build.0 = Debug|Any CPU
		{F9CDA439-A658-4699-A5C4-091242F7E5D1}.Debug|Any CPU.ActiveCfg = Debug|Any CPU
		{F9CDA439-A658-4699-A5C4-091242F7E5D1}.Debug|Any CPU.Build.0 = Debug|Any CPU
		{F9CDA439-A658-4699-A5C4-091242F7E5D1}.Debug-Local|Any CPU.ActiveCfg = Debug|Any CPU
		{F9CDA439-A658-4699-A5C4-091242F7E5D1}.Debug-Local|Any CPU.Build.0 = Debug|Any CPU
		{F9CDA439-A658-4699-A5C4-091242F7E5D1}.Release|Any CPU.ActiveCfg = Release|Any CPU
		{F9CDA439-A658-4699-A5C4-091242F7E5D1}.Release|Any CPU.Build.0 = Release|Any CPU
		{0B4CDE6F-6E9C-41C4-A4A3-B9FF7E0F38CE}.Database_Migration|Any CPU.ActiveCfg = Debug|Any CPU
		{0B4CDE6F-6E9C-41C4-A4A3-B9FF7E0F38CE}.Database_Migration|Any CPU.Build.0 = Debug|Any CPU
		{0B4CDE6F-6E9C-41C4-A4A3-B9FF7E0F38CE}.DEBUG_LOCAL|Any CPU.ActiveCfg = Debug|Any CPU
		{0B4CDE6F-6E9C-41C4-A4A3-B9FF7E0F38CE}.DEBUG_LOCAL|Any CPU.Build.0 = Debug|Any CPU
		{0B4CDE6F-6E9C-41C4-A4A3-B9FF7E0F38CE}.Debug|Any CPU.ActiveCfg = Debug|Any CPU
		{0B4CDE6F-6E9C-41C4-A4A3-B9FF7E0F38CE}.Debug|Any CPU.Build.0 = Debug|Any CPU
		{0B4CDE6F-6E9C-41C4-A4A3-B9FF7E0F38CE}.Debug-Local|Any CPU.ActiveCfg = Debug|Any CPU
		{0B4CDE6F-6E9C-41C4-A4A3-B9FF7E0F38CE}.Debug-Local|Any CPU.Build.0 = Debug|Any CPU
		{0B4CDE6F-6E9C-41C4-A4A3-B9FF7E0F38CE}.Release|Any CPU.ActiveCfg = Release|Any CPU
		{0B4CDE6F-6E9C-41C4-A4A3-B9FF7E0F38CE}.Release|Any CPU.Build.0 = Release|Any CPU
		{AED3DE38-FEE1-4DD5-B9D8-BC33C64CDA56}.Database_Migration|Any CPU.ActiveCfg = Debug|Any CPU
		{AED3DE38-FEE1-4DD5-B9D8-BC33C64CDA56}.Database_Migration|Any CPU.Build.0 = Debug|Any CPU
		{AED3DE38-FEE1-4DD5-B9D8-BC33C64CDA56}.DEBUG_LOCAL|Any CPU.ActiveCfg = Debug|Any CPU
		{AED3DE38-FEE1-4DD5-B9D8-BC33C64CDA56}.DEBUG_LOCAL|Any CPU.Build.0 = Debug|Any CPU
		{AED3DE38-FEE1-4DD5-B9D8-BC33C64CDA56}.Debug|Any CPU.ActiveCfg = Debug|Any CPU
		{AED3DE38-FEE1-4DD5-B9D8-BC33C64CDA56}.Debug|Any CPU.Build.0 = Debug|Any CPU
		{AED3DE38-FEE1-4DD5-B9D8-BC33C64CDA56}.Debug-Local|Any CPU.ActiveCfg = Debug|Any CPU
		{AED3DE38-FEE1-4DD5-B9D8-BC33C64CDA56}.Debug-Local|Any CPU.Build.0 = Debug|Any CPU
		{AED3DE38-FEE1-4DD5-B9D8-BC33C64CDA56}.Release|Any CPU.ActiveCfg = Release|Any CPU
		{AED3DE38-FEE1-4DD5-B9D8-BC33C64CDA56}.Release|Any CPU.Build.0 = Release|Any CPU
		{6EC46B4D-E269-4661-B11D-3D33F37A6D1E}.Database_Migration|Any CPU.ActiveCfg = Debug|Any CPU
		{6EC46B4D-E269-4661-B11D-3D33F37A6D1E}.Database_Migration|Any CPU.Build.0 = Debug|Any CPU
		{6EC46B4D-E269-4661-B11D-3D33F37A6D1E}.DEBUG_LOCAL|Any CPU.ActiveCfg = Debug|Any CPU
		{6EC46B4D-E269-4661-B11D-3D33F37A6D1E}.DEBUG_LOCAL|Any CPU.Build.0 = Debug|Any CPU
		{6EC46B4D-E269-4661-B11D-3D33F37A6D1E}.Debug|Any CPU.ActiveCfg = Debug|Any CPU
		{6EC46B4D-E269-4661-B11D-3D33F37A6D1E}.Debug|Any CPU.Build.0 = Debug|Any CPU
		{6EC46B4D-E269-4661-B11D-3D33F37A6D1E}.Debug-Local|Any CPU.ActiveCfg = Debug|Any CPU
		{6EC46B4D-E269-4661-B11D-3D33F37A6D1E}.Debug-Local|Any CPU.Build.0 = Debug|Any CPU
		{6EC46B4D-E269-4661-B11D-3D33F37A6D1E}.Release|Any CPU.ActiveCfg = Release|Any CPU
		{6EC46B4D-E269-4661-B11D-3D33F37A6D1E}.Release|Any CPU.Build.0 = Release|Any CPU
	EndGlobalSection
	GlobalSection(SolutionProperties) = preSolution
		HideSolutionNode = FALSE
	EndGlobalSection
	GlobalSection(NestedProjects) = preSolution
		{98B85CCA-E727-485B-AD3C-68AC2A2B0364} = {82223BC2-FD46-45B7-8714-A1BBB6FACC0E}
		{9A3A80BD-9A88-4604-B1C2-3BEB94773807} = {98B85CCA-E727-485B-AD3C-68AC2A2B0364}
		{0478C448-622F-4C60-BDBB-E103D4A2520B} = {98B85CCA-E727-485B-AD3C-68AC2A2B0364}
		{8C598CE2-9578-41F6-A195-24678617AE6F} = {82223BC2-FD46-45B7-8714-A1BBB6FACC0E}
		{572E4B21-970E-4889-9B0D-357816B1307C} = {82223BC2-FD46-45B7-8714-A1BBB6FACC0E}
		{04FD917B-A6D1-419F-B51E-0D5BD0EDECDD} = {BECC74B7-AAF8-4BCB-BAF5-31F479A4F9B0}
		{FCC1F528-C205-4201-B86A-50194F11FC99} = {0478C448-622F-4C60-BDBB-E103D4A2520B}
		{5080C03E-8E6D-4C27-BE39-3E563821E3D2} = {0478C448-622F-4C60-BDBB-E103D4A2520B}
		{E2B40445-D90B-430D-8BA4-A321628D6C9E} = {8C598CE2-9578-41F6-A195-24678617AE6F}
		{9C4FE235-CEEE-4787-9C7F-9E6198D02364} = {BECC74B7-AAF8-4BCB-BAF5-31F479A4F9B0}
		{07357D90-27C3-4CA3-BB57-201DDCD03875} = {8C598CE2-9578-41F6-A195-24678617AE6F}
		{A4A46064-B720-4B94-862F-7FEEAC4127EA} = {0478C448-622F-4C60-BDBB-E103D4A2520B}
		{2CE6DE11-C258-4723-BBB5-8CA4F3CC926A} = {98B85CCA-E727-485B-AD3C-68AC2A2B0364}
		{4E15BFBA-E442-453F-BD29-0C9F4E0711B6} = {BECC74B7-AAF8-4BCB-BAF5-31F479A4F9B0}
		{C41FF379-086B-4911-A4B6-4EAFFE20366F} = {BECC74B7-AAF8-4BCB-BAF5-31F479A4F9B0}
		{4AF2F4D3-7259-4BD7-BA87-E4F05244A48B} = {98B85CCA-E727-485B-AD3C-68AC2A2B0364}
		{D0FA9394-9069-405B-9E01-274A489B84A2} = {82223BC2-FD46-45B7-8714-A1BBB6FACC0E}
		{D0371103-0B15-4DED-A7E1-D49EBD697822} = {D0FA9394-9069-405B-9E01-274A489B84A2}
		{400DECE1-46A9-4E9F-8F6C-D0A87CA2AD03} = {8C598CE2-9578-41F6-A195-24678617AE6F}
		{A541ABAF-5F9B-4800-8CD0-3BC722DD2699} = {8C598CE2-9578-41F6-A195-24678617AE6F}
		{2896B433-69F7-46AB-B266-0F7274AA9C97} = {8C598CE2-9578-41F6-A195-24678617AE6F}
		{7E754EE8-795A-4CDB-B2C4-C5B61940D5A5} = {D0FA9394-9069-405B-9E01-274A489B84A2}
		{BECC74B7-AAF8-4BCB-BAF5-31F479A4F9B0} = {572E4B21-970E-4889-9B0D-357816B1307C}
		{0B0A091D-D140-4504-8D1F-5FBEA303F37E} = {572E4B21-970E-4889-9B0D-357816B1307C}
		{73252DFC-DE22-464B-8E30-C53C4B0348B4} = {D0FA9394-9069-405B-9E01-274A489B84A2}
		{983F41F2-7851-4544-867C-E25F81F8DFEB} = {FCFAE99C-C28A-44B7-A7BE-F9D5481C35B9}
		{FDC602F7-05D3-432E-BD39-F6FBBD65A32E} = {D0FA9394-9069-405B-9E01-274A489B84A2}
		{6F43D196-DB82-4429-8BD8-8D759B153B88} = {8C598CE2-9578-41F6-A195-24678617AE6F}
		{AE5373CE-6ECE-4314-95AF-A382C8A87E1C} = {8C598CE2-9578-41F6-A195-24678617AE6F}
		{E4BE989E-6AA4-4CC9-9822-D84A6DEFCA1C} = {8C598CE2-9578-41F6-A195-24678617AE6F}
		{CB062265-D346-4483-9BCE-1F9B9001398E} = {8C598CE2-9578-41F6-A195-24678617AE6F}
		{FEA15159-99D2-43C2-89BC-85C3ABFA9756} = {D0FA9394-9069-405B-9E01-274A489B84A2}
		{8066613B-2495-484B-988D-F99E665D2D5D} = {98B85CCA-E727-485B-AD3C-68AC2A2B0364}
		{0419C966-A7EE-4C32-AEB0-A406C31F733B} = {572E4B21-970E-4889-9B0D-357816B1307C}
		{7F224F16-CED0-4F27-92E1-5D9764B89DBF} = {0478C448-622F-4C60-BDBB-E103D4A2520B}
		{730F0707-7974-4EA9-A1DC-0339C9279D5F} = {98B85CCA-E727-485B-AD3C-68AC2A2B0364}
		{468603D7-6D01-441B-BCEC-BED7F377562E} = {0478C448-622F-4C60-BDBB-E103D4A2520B}
		{45191700-B9F8-4643-8C2A-08D2D7B8D8A9} = {572E4B21-970E-4889-9B0D-357816B1307C}
		{054BC8CE-5703-445A-BD6E-B438791739A3} = {572E4B21-970E-4889-9B0D-357816B1307C}
		{F9CDA439-A658-4699-A5C4-091242F7E5D1} = {8C598CE2-9578-41F6-A195-24678617AE6F}
		{0B4CDE6F-6E9C-41C4-A4A3-B9FF7E0F38CE} = {8C598CE2-9578-41F6-A195-24678617AE6F}
		{AED3DE38-FEE1-4DD5-B9D8-BC33C64CDA56} = {98B85CCA-E727-485B-AD3C-68AC2A2B0364}
		{6EC46B4D-E269-4661-B11D-3D33F37A6D1E} = {572E4B21-970E-4889-9B0D-357816B1307C}
	EndGlobalSection
	GlobalSection(ExtensibilityGlobals) = postSolution
		SolutionGuid = {886DD3D7-35E3-42F0-8CE9-74FB5AD7BBD0}
	EndGlobalSection
EndGlobal
