
Microsoft Visual Studio Solution File, Format Version 12.00
# Visual Studio 15
VisualStudioVersion = 15.0.27130.2010
MinimumVisualStudioVersion = 10.0.40219.1
Project("{2150E333-8FDC-42A3-9474-1A3956D46DE8}") = "src", "src", "{82223BC2-FD46-45B7-8714-A1BBB6FACC0E}"
EndProject
Project("{2150E333-8FDC-42A3-9474-1A3956D46DE8}") = "tests", "tests", "{FCFAE99C-C28A-44B7-A7BE-F9D5481C35B9}"
EndProject
Project("{2150E333-8FDC-42A3-9474-1A3956D46DE8}") = "Server", "Server", "{98B85CCA-E727-485B-AD3C-68AC2A2B0364}"
EndProject
Project("{9A19103F-16F7-4668-BE54-9A1E7A4F7556}") = "Guardians.Server.Common", "src\Server\Guardians.Server.Common\Guardians.Server.Common.csproj", "{9A3A80BD-9A88-4604-B1C2-3BEB94773807}"
EndProject
Project("{2150E333-8FDC-42A3-9474-1A3956D46DE8}") = "Applications", "Applications", "{0478C448-622F-4C60-BDBB-E103D4A2520B}"
EndProject
Project("{2150E333-8FDC-42A3-9474-1A3956D46DE8}") = "Client", "Client", "{8C598CE2-9578-41F6-A195-24678617AE6F}"
EndProject
Project("{FAE04EC0-301F-11D3-BF4B-00C04F79EFBC}") = "Guardians.Client.Authentication", "src\Client\Guardians.Client.Authentication\Guardians.Client.Authentication.csproj", "{34319D14-B040-4575-8FD4-CCCCCE34B6D7}"
EndProject
Project("{2150E333-8FDC-42A3-9474-1A3956D46DE8}") = "Models", "Models", "{572E4B21-970E-4889-9B0D-357816B1307C}"
EndProject
Project("{9A19103F-16F7-4668-BE54-9A1E7A4F7556}") = "Guardians.Models.Authentication", "src\Guardians.Models.Authentication\Guardians.Models.Authentication.csproj", "{04FD917B-A6D1-419F-B51E-0D5BD0EDECDD}"
EndProject
Project("{9A19103F-16F7-4668-BE54-9A1E7A4F7556}") = "Guardians.Models.Tests", "test\Guardians.Models.Tests\Guardians.Models.Tests.csproj", "{53CC7F88-A56D-4280-BEE3-5A8170555D7B}"
EndProject
Project("{9A19103F-16F7-4668-BE54-9A1E7A4F7556}") = "Guardians.Service.Authentication", "src\Server\Guardians.Service.Authentication\Guardians.Service.Authentication.csproj", "{FCC1F528-C205-4201-B86A-50194F11FC99}"
EndProject
Project("{9A19103F-16F7-4668-BE54-9A1E7A4F7556}") = "Guardians.Service.ServiceDiscovery", "src\Server\Guardians.Service.ServiceDiscovery\Guardians.Service.ServiceDiscovery.csproj", "{5080C03E-8E6D-4C27-BE39-3E563821E3D2}"
EndProject
Project("{FAE04EC0-301F-11D3-BF4B-00C04F79EFBC}") = "Guardians.Client.ServiceDiscovery", "src\Client\Guardians.Client.ServiceDiscovery\Guardians.Client.ServiceDiscovery.csproj", "{E2B40445-D90B-430D-8BA4-A321628D6C9E}"
EndProject
Project("{FAE04EC0-301F-11D3-BF4B-00C04F79EFBC}") = "Guardians.Models.ServerSelection", "src\Guardians.Models.ServerSelection\Guardians.Models.ServerSelection.csproj", "{9C4FE235-CEEE-4787-9C7F-9E6198D02364}"
EndProject
Project("{FAE04EC0-301F-11D3-BF4B-00C04F79EFBC}") = "Guardians.Client.ServerSelection", "src\Client\Guardians.Client.ServerSelection\Guardians.Client.ServerSelection.csproj", "{07357D90-27C3-4CA3-BB57-201DDCD03875}"
EndProject
Global
	GlobalSection(SolutionConfigurationPlatforms) = preSolution
		Debug|Any CPU = Debug|Any CPU
		Release|Any CPU = Release|Any CPU
	EndGlobalSection
	GlobalSection(ProjectConfigurationPlatforms) = postSolution
		{9A3A80BD-9A88-4604-B1C2-3BEB94773807}.Debug|Any CPU.ActiveCfg = Debug|Any CPU
		{9A3A80BD-9A88-4604-B1C2-3BEB94773807}.Debug|Any CPU.Build.0 = Debug|Any CPU
		{9A3A80BD-9A88-4604-B1C2-3BEB94773807}.Release|Any CPU.ActiveCfg = Release|Any CPU
		{9A3A80BD-9A88-4604-B1C2-3BEB94773807}.Release|Any CPU.Build.0 = Release|Any CPU
		{34319D14-B040-4575-8FD4-CCCCCE34B6D7}.Debug|Any CPU.ActiveCfg = Debug|Any CPU
		{34319D14-B040-4575-8FD4-CCCCCE34B6D7}.Debug|Any CPU.Build.0 = Debug|Any CPU
		{34319D14-B040-4575-8FD4-CCCCCE34B6D7}.Release|Any CPU.ActiveCfg = Release|Any CPU
		{34319D14-B040-4575-8FD4-CCCCCE34B6D7}.Release|Any CPU.Build.0 = Release|Any CPU
		{04FD917B-A6D1-419F-B51E-0D5BD0EDECDD}.Debug|Any CPU.ActiveCfg = Debug|Any CPU
		{04FD917B-A6D1-419F-B51E-0D5BD0EDECDD}.Debug|Any CPU.Build.0 = Debug|Any CPU
		{04FD917B-A6D1-419F-B51E-0D5BD0EDECDD}.Release|Any CPU.ActiveCfg = Release|Any CPU
		{04FD917B-A6D1-419F-B51E-0D5BD0EDECDD}.Release|Any CPU.Build.0 = Release|Any CPU
		{53CC7F88-A56D-4280-BEE3-5A8170555D7B}.Debug|Any CPU.ActiveCfg = Debug|Any CPU
		{53CC7F88-A56D-4280-BEE3-5A8170555D7B}.Debug|Any CPU.Build.0 = Debug|Any CPU
		{53CC7F88-A56D-4280-BEE3-5A8170555D7B}.Release|Any CPU.ActiveCfg = Release|Any CPU
		{53CC7F88-A56D-4280-BEE3-5A8170555D7B}.Release|Any CPU.Build.0 = Release|Any CPU
		{FCC1F528-C205-4201-B86A-50194F11FC99}.Debug|Any CPU.ActiveCfg = Debug|Any CPU
		{FCC1F528-C205-4201-B86A-50194F11FC99}.Debug|Any CPU.Build.0 = Debug|Any CPU
		{FCC1F528-C205-4201-B86A-50194F11FC99}.Release|Any CPU.ActiveCfg = Release|Any CPU
		{FCC1F528-C205-4201-B86A-50194F11FC99}.Release|Any CPU.Build.0 = Release|Any CPU
		{5080C03E-8E6D-4C27-BE39-3E563821E3D2}.Debug|Any CPU.ActiveCfg = Debug|Any CPU
		{5080C03E-8E6D-4C27-BE39-3E563821E3D2}.Debug|Any CPU.Build.0 = Debug|Any CPU
		{5080C03E-8E6D-4C27-BE39-3E563821E3D2}.Release|Any CPU.ActiveCfg = Release|Any CPU
		{5080C03E-8E6D-4C27-BE39-3E563821E3D2}.Release|Any CPU.Build.0 = Release|Any CPU
		{E2B40445-D90B-430D-8BA4-A321628D6C9E}.Debug|Any CPU.ActiveCfg = Debug|Any CPU
		{E2B40445-D90B-430D-8BA4-A321628D6C9E}.Debug|Any CPU.Build.0 = Debug|Any CPU
		{E2B40445-D90B-430D-8BA4-A321628D6C9E}.Release|Any CPU.ActiveCfg = Release|Any CPU
		{E2B40445-D90B-430D-8BA4-A321628D6C9E}.Release|Any CPU.Build.0 = Release|Any CPU
		{9C4FE235-CEEE-4787-9C7F-9E6198D02364}.Debug|Any CPU.ActiveCfg = Debug|Any CPU
		{9C4FE235-CEEE-4787-9C7F-9E6198D02364}.Debug|Any CPU.Build.0 = Debug|Any CPU
		{9C4FE235-CEEE-4787-9C7F-9E6198D02364}.Release|Any CPU.ActiveCfg = Release|Any CPU
		{9C4FE235-CEEE-4787-9C7F-9E6198D02364}.Release|Any CPU.Build.0 = Release|Any CPU
		{07357D90-27C3-4CA3-BB57-201DDCD03875}.Debug|Any CPU.ActiveCfg = Debug|Any CPU
		{07357D90-27C3-4CA3-BB57-201DDCD03875}.Debug|Any CPU.Build.0 = Debug|Any CPU
		{07357D90-27C3-4CA3-BB57-201DDCD03875}.Release|Any CPU.ActiveCfg = Release|Any CPU
		{07357D90-27C3-4CA3-BB57-201DDCD03875}.Release|Any CPU.Build.0 = Release|Any CPU
	EndGlobalSection
	GlobalSection(SolutionProperties) = preSolution
		HideSolutionNode = FALSE
	EndGlobalSection
	GlobalSection(NestedProjects) = preSolution
		{98B85CCA-E727-485B-AD3C-68AC2A2B0364} = {82223BC2-FD46-45B7-8714-A1BBB6FACC0E}
		{9A3A80BD-9A88-4604-B1C2-3BEB94773807} = {98B85CCA-E727-485B-AD3C-68AC2A2B0364}
		{0478C448-622F-4C60-BDBB-E103D4A2520B} = {98B85CCA-E727-485B-AD3C-68AC2A2B0364}
		{8C598CE2-9578-41F6-A195-24678617AE6F} = {82223BC2-FD46-45B7-8714-A1BBB6FACC0E}
		{34319D14-B040-4575-8FD4-CCCCCE34B6D7} = {8C598CE2-9578-41F6-A195-24678617AE6F}
		{572E4B21-970E-4889-9B0D-357816B1307C} = {82223BC2-FD46-45B7-8714-A1BBB6FACC0E}
		{04FD917B-A6D1-419F-B51E-0D5BD0EDECDD} = {572E4B21-970E-4889-9B0D-357816B1307C}
		{53CC7F88-A56D-4280-BEE3-5A8170555D7B} = {FCFAE99C-C28A-44B7-A7BE-F9D5481C35B9}
		{FCC1F528-C205-4201-B86A-50194F11FC99} = {0478C448-622F-4C60-BDBB-E103D4A2520B}
		{5080C03E-8E6D-4C27-BE39-3E563821E3D2} = {0478C448-622F-4C60-BDBB-E103D4A2520B}
		{E2B40445-D90B-430D-8BA4-A321628D6C9E} = {8C598CE2-9578-41F6-A195-24678617AE6F}
		{9C4FE235-CEEE-4787-9C7F-9E6198D02364} = {572E4B21-970E-4889-9B0D-357816B1307C}
		{07357D90-27C3-4CA3-BB57-201DDCD03875} = {8C598CE2-9578-41F6-A195-24678617AE6F}
	EndGlobalSection
	GlobalSection(ExtensibilityGlobals) = postSolution
		SolutionGuid = {886DD3D7-35E3-42F0-8CE9-74FB5AD7BBD0}
	EndGlobalSection
EndGlobal
