
Microsoft Visual Studio Solution File, Format Version 12.00
# Visual Studio 15
VisualStudioVersion = 15.0.27130.2010
MinimumVisualStudioVersion = 10.0.40219.1
Project("{2150E333-8FDC-42A3-9474-1A3956D46DE8}") = "src", "src", "{82223BC2-FD46-45B7-8714-A1BBB6FACC0E}"
EndProject
Project("{2150E333-8FDC-42A3-9474-1A3956D46DE8}") = "tests", "tests", "{FCFAE99C-C28A-44B7-A7BE-F9D5481C35B9}"
EndProject
Project("{2150E333-8FDC-42A3-9474-1A3956D46DE8}") = "Server", "Server", "{98B85CCA-E727-485B-AD3C-68AC2A2B0364}"
EndProject
Project("{9A19103F-16F7-4668-BE54-9A1E7A4F7556}") = "Guardians.Server.Common", "src\Server\Guardians.Server.Common\Guardians.Server.Common.csproj", "{9A3A80BD-9A88-4604-B1C2-3BEB94773807}"
EndProject
Project("{2150E333-8FDC-42A3-9474-1A3956D46DE8}") = "Applications", "Applications", "{0478C448-622F-4C60-BDBB-E103D4A2520B}"
EndProject
Project("{2150E333-8FDC-42A3-9474-1A3956D46DE8}") = "Client", "Client", "{8C598CE2-9578-41F6-A195-24678617AE6F}"
EndProject
Project("{9A19103F-16F7-4668-BE54-9A1E7A4F7556}") = "Guardians.Client.Authentication", "src\Client\Guardians.Client.Authentication\Guardians.Client.Authentication.csproj", "{34319D14-B040-4575-8FD4-CCCCCE34B6D7}"
EndProject
Project("{2150E333-8FDC-42A3-9474-1A3956D46DE8}") = "Models", "Models", "{572E4B21-970E-4889-9B0D-357816B1307C}"
EndProject
Project("{9A19103F-16F7-4668-BE54-9A1E7A4F7556}") = "Guardians.Models.Authentication", "src\Guardians.Models.Authentication\Guardians.Models.Authentication.csproj", "{04FD917B-A6D1-419F-B51E-0D5BD0EDECDD}"
EndProject
Project("{9A19103F-16F7-4668-BE54-9A1E7A4F7556}") = "Guardians.Models.Tests", "test\Guardians.Models.Tests\Guardians.Models.Tests.csproj", "{53CC7F88-A56D-4280-BEE3-5A8170555D7B}"
EndProject
Project("{9A19103F-16F7-4668-BE54-9A1E7A4F7556}") = "Guardians.Service.Authentication", "src\Server\Guardians.Service.Authentication\Guardians.Service.Authentication.csproj", "{FCC1F528-C205-4201-B86A-50194F11FC99}"
EndProject
Project("{9A19103F-16F7-4668-BE54-9A1E7A4F7556}") = "Guardians.Service.ServiceDiscovery", "src\Server\Guardians.Service.ServiceDiscovery\Guardians.Service.ServiceDiscovery.csproj", "{5080C03E-8E6D-4C27-BE39-3E563821E3D2}"
EndProject
Project("{9A19103F-16F7-4668-BE54-9A1E7A4F7556}") = "Guardians.Client.ServiceDiscovery", "src\Client\Guardians.Client.ServiceDiscovery\Guardians.Client.ServiceDiscovery.csproj", "{E2B40445-D90B-430D-8BA4-A321628D6C9E}"
EndProject
Project("{9A19103F-16F7-4668-BE54-9A1E7A4F7556}") = "Guardians.Models.ServerSelection", "src\Guardians.Models.ServerSelection\Guardians.Models.ServerSelection.csproj", "{9C4FE235-CEEE-4787-9C7F-9E6198D02364}"
EndProject
Project("{9A19103F-16F7-4668-BE54-9A1E7A4F7556}") = "Guardians.Client.ServerSelection", "src\Client\Guardians.Client.ServerSelection\Guardians.Client.ServerSelection.csproj", "{07357D90-27C3-4CA3-BB57-201DDCD03875}"
EndProject
Project("{9A19103F-16F7-4668-BE54-9A1E7A4F7556}") = "Guardians.Service.ServerSelection", "src\Server\Guardians.Service.ServerSelection\Guardians.Service.ServerSelection.csproj", "{A4A46064-B720-4B94-862F-7FEEAC4127EA}"
EndProject
Project("{9A19103F-16F7-4668-BE54-9A1E7A4F7556}") = "Guardians.Service.GameServer", "src\Server\Guardians.Service.GameServer\Guardians.Service.GameServer.csproj", "{ED9F1478-40FB-4C09-9CEC-0169662C8C5A}"
EndProject
Project("{9A19103F-16F7-4668-BE54-9A1E7A4F7556}") = "Guardians.Database.Common", "src\Server\Guardians.Database.Common\Guardians.Database.Common.csproj", "{2CE6DE11-C258-4723-BBB5-8CA4F3CC926A}"
EndProject
Project("{9A19103F-16F7-4668-BE54-9A1E7A4F7556}") = "Guardians.Models.GameServer", "src\Guardians.Models.GameServer\Guardians.Models.GameServer.csproj", "{F79CC27C-A429-4275-9854-688F5AEB81E9}"
EndProject
Project("{9A19103F-16F7-4668-BE54-9A1E7A4F7556}") = "Guardians.Models.Common", "src\Guardians.Models.Common\Guardians.Models.Common.csproj", "{4E15BFBA-E442-453F-BD29-0C9F4E0711B6}"
EndProject
Project("{9A19103F-16F7-4668-BE54-9A1E7A4F7556}") = "Guardians.Database.GameServer", "src\Server\Guardians.Database.GameServer\Guardians.Database.GameServer.csproj", "{F425A136-0D9E-4A01-9C44-5D881C088EDE}"
EndProject
Project("{9A19103F-16F7-4668-BE54-9A1E7A4F7556}") = "Guardians.Database.Tests", "test\Guardians.Database.Tests\Guardians.Database.Tests.csproj", "{135FE2E9-A4E3-41FD-BCB6-C914BD08BC73}"
EndProject
Project("{9A19103F-16F7-4668-BE54-9A1E7A4F7556}") = "Guardians.GameServer.Tests", "test\Guardians.GameServer.Tests\Guardians.GameServer.Tests.csproj", "{550C16F4-7770-4AA5-AC7E-D994861EA57B}"
EndProject
Project("{9A19103F-16F7-4668-BE54-9A1E7A4F7556}") = "Guardians.Models.Server.ZoneServer", "src\Guardians.Models.Server.ZoneServer\Guardians.Models.Server.ZoneServer.csproj", "{5C565DDD-54B1-4171-A14E-56B58ABE1507}"
EndProject
Project("{9A19103F-16F7-4668-BE54-9A1E7A4F7556}") = "Guardians.Models.ServiceDiscovery", "src\Guardians.Models.ServiceDiscovery\Guardians.Models.ServiceDiscovery.csproj", "{C41FF379-086B-4911-A4B6-4EAFFE20366F}"
EndProject
Project("{2150E333-8FDC-42A3-9474-1A3956D46DE8}") = "Models", "Models", "{4AF2F4D3-7259-4BD7-BA87-E4F05244A48B}"
EndProject
Project("{9A19103F-16F7-4668-BE54-9A1E7A4F7556}") = "Guardians.Server.ZoneServer", "src\Server\Guardians.Server.ZoneServer\Guardians.Server.ZoneServer.csproj", "{60B737B8-8004-4E2C-AB99-9D49D751B07A}"
EndProject
Project("{2150E333-8FDC-42A3-9474-1A3956D46DE8}") = "Common", "Common", "{D0FA9394-9069-405B-9E01-274A489B84A2}"
EndProject
Project("{9A19103F-16F7-4668-BE54-9A1E7A4F7556}") = "Guardians.Network.Common", "src\Guardians.Network.Common\Guardians.Network.Common.csproj", "{D0371103-0B15-4DED-A7E1-D49EBD697822}"
EndProject
Project("{9A19103F-16F7-4668-BE54-9A1E7A4F7556}") = "Guardians.Payloads.ZoneServer", "src\Guardians.Payloads.ZoneServer\Guardians.Payloads.ZoneServer.csproj", "{0D585F41-CF7D-4DDF-A9D3-0C0B7C36EB5B}"
EndProject
Project("{FAE04EC0-301F-11D3-BF4B-00C04F79EFBC}") = "Guardians.Client.UI", "src\Guardians.Client.UI\Guardians.Client.UI.csproj", "{E58ACEB9-B387-45FE-8FD3-C77BA504976A}"
EndProject
Global
	GlobalSection(SolutionConfigurationPlatforms) = preSolution
		Database_Migration|Any CPU = Database_Migration|Any CPU
		DEBUG_LOCAL|Any CPU = DEBUG_LOCAL|Any CPU
		Debug|Any CPU = Debug|Any CPU
		Debug-Local|Any CPU = Debug-Local|Any CPU
		Release|Any CPU = Release|Any CPU
	EndGlobalSection
	GlobalSection(ProjectConfigurationPlatforms) = postSolution
		{9A3A80BD-9A88-4604-B1C2-3BEB94773807}.Database_Migration|Any CPU.ActiveCfg = Database_Migration|Any CPU
		{9A3A80BD-9A88-4604-B1C2-3BEB94773807}.Database_Migration|Any CPU.Build.0 = Database_Migration|Any CPU
		{9A3A80BD-9A88-4604-B1C2-3BEB94773807}.DEBUG_LOCAL|Any CPU.ActiveCfg = DEBUG_LOCAL|Any CPU
		{9A3A80BD-9A88-4604-B1C2-3BEB94773807}.DEBUG_LOCAL|Any CPU.Build.0 = DEBUG_LOCAL|Any CPU
		{9A3A80BD-9A88-4604-B1C2-3BEB94773807}.Debug|Any CPU.ActiveCfg = Debug|Any CPU
		{9A3A80BD-9A88-4604-B1C2-3BEB94773807}.Debug|Any CPU.Build.0 = Debug|Any CPU
		{9A3A80BD-9A88-4604-B1C2-3BEB94773807}.Debug-Local|Any CPU.ActiveCfg = Debug-Local|Any CPU
		{9A3A80BD-9A88-4604-B1C2-3BEB94773807}.Debug-Local|Any CPU.Build.0 = Debug-Local|Any CPU
		{9A3A80BD-9A88-4604-B1C2-3BEB94773807}.Release|Any CPU.ActiveCfg = Release|Any CPU
		{9A3A80BD-9A88-4604-B1C2-3BEB94773807}.Release|Any CPU.Build.0 = Release|Any CPU
		{34319D14-B040-4575-8FD4-CCCCCE34B6D7}.Database_Migration|Any CPU.ActiveCfg = Database_Migration|Any CPU
		{34319D14-B040-4575-8FD4-CCCCCE34B6D7}.Database_Migration|Any CPU.Build.0 = Database_Migration|Any CPU
		{34319D14-B040-4575-8FD4-CCCCCE34B6D7}.DEBUG_LOCAL|Any CPU.ActiveCfg = DEBUG_LOCAL|Any CPU
		{34319D14-B040-4575-8FD4-CCCCCE34B6D7}.DEBUG_LOCAL|Any CPU.Build.0 = DEBUG_LOCAL|Any CPU
		{34319D14-B040-4575-8FD4-CCCCCE34B6D7}.Debug|Any CPU.ActiveCfg = Debug|Any CPU
		{34319D14-B040-4575-8FD4-CCCCCE34B6D7}.Debug|Any CPU.Build.0 = Debug|Any CPU
		{34319D14-B040-4575-8FD4-CCCCCE34B6D7}.Debug-Local|Any CPU.ActiveCfg = Debug|Any CPU
		{34319D14-B040-4575-8FD4-CCCCCE34B6D7}.Debug-Local|Any CPU.Build.0 = Debug|Any CPU
		{34319D14-B040-4575-8FD4-CCCCCE34B6D7}.Release|Any CPU.ActiveCfg = Release|Any CPU
		{34319D14-B040-4575-8FD4-CCCCCE34B6D7}.Release|Any CPU.Build.0 = Release|Any CPU
		{04FD917B-A6D1-419F-B51E-0D5BD0EDECDD}.Database_Migration|Any CPU.ActiveCfg = Database_Migration|Any CPU
		{04FD917B-A6D1-419F-B51E-0D5BD0EDECDD}.Database_Migration|Any CPU.Build.0 = Database_Migration|Any CPU
		{04FD917B-A6D1-419F-B51E-0D5BD0EDECDD}.DEBUG_LOCAL|Any CPU.ActiveCfg = DEBUG_LOCAL|Any CPU
		{04FD917B-A6D1-419F-B51E-0D5BD0EDECDD}.DEBUG_LOCAL|Any CPU.Build.0 = DEBUG_LOCAL|Any CPU
		{04FD917B-A6D1-419F-B51E-0D5BD0EDECDD}.Debug|Any CPU.ActiveCfg = Debug|Any CPU
		{04FD917B-A6D1-419F-B51E-0D5BD0EDECDD}.Debug|Any CPU.Build.0 = Debug|Any CPU
		{04FD917B-A6D1-419F-B51E-0D5BD0EDECDD}.Debug-Local|Any CPU.ActiveCfg = Debug-Local|Any CPU
		{04FD917B-A6D1-419F-B51E-0D5BD0EDECDD}.Debug-Local|Any CPU.Build.0 = Debug-Local|Any CPU
		{04FD917B-A6D1-419F-B51E-0D5BD0EDECDD}.Release|Any CPU.ActiveCfg = Release|Any CPU
		{04FD917B-A6D1-419F-B51E-0D5BD0EDECDD}.Release|Any CPU.Build.0 = Release|Any CPU
		{53CC7F88-A56D-4280-BEE3-5A8170555D7B}.Database_Migration|Any CPU.ActiveCfg = Database_Migration|Any CPU
		{53CC7F88-A56D-4280-BEE3-5A8170555D7B}.Database_Migration|Any CPU.Build.0 = Database_Migration|Any CPU
		{53CC7F88-A56D-4280-BEE3-5A8170555D7B}.DEBUG_LOCAL|Any CPU.ActiveCfg = DEBUG_LOCAL|Any CPU
		{53CC7F88-A56D-4280-BEE3-5A8170555D7B}.DEBUG_LOCAL|Any CPU.Build.0 = DEBUG_LOCAL|Any CPU
		{53CC7F88-A56D-4280-BEE3-5A8170555D7B}.Debug|Any CPU.ActiveCfg = Debug|Any CPU
		{53CC7F88-A56D-4280-BEE3-5A8170555D7B}.Debug|Any CPU.Build.0 = Debug|Any CPU
		{53CC7F88-A56D-4280-BEE3-5A8170555D7B}.Debug-Local|Any CPU.ActiveCfg = Debug-Local|Any CPU
		{53CC7F88-A56D-4280-BEE3-5A8170555D7B}.Debug-Local|Any CPU.Build.0 = Debug-Local|Any CPU
		{53CC7F88-A56D-4280-BEE3-5A8170555D7B}.Release|Any CPU.ActiveCfg = Release|Any CPU
		{53CC7F88-A56D-4280-BEE3-5A8170555D7B}.Release|Any CPU.Build.0 = Release|Any CPU
		{FCC1F528-C205-4201-B86A-50194F11FC99}.Database_Migration|Any CPU.ActiveCfg = Database_Migration|Any CPU
		{FCC1F528-C205-4201-B86A-50194F11FC99}.Database_Migration|Any CPU.Build.0 = Database_Migration|Any CPU
		{FCC1F528-C205-4201-B86A-50194F11FC99}.DEBUG_LOCAL|Any CPU.ActiveCfg = DEBUG_LOCAL|Any CPU
		{FCC1F528-C205-4201-B86A-50194F11FC99}.DEBUG_LOCAL|Any CPU.Build.0 = DEBUG_LOCAL|Any CPU
		{FCC1F528-C205-4201-B86A-50194F11FC99}.Debug|Any CPU.ActiveCfg = Debug|Any CPU
		{FCC1F528-C205-4201-B86A-50194F11FC99}.Debug|Any CPU.Build.0 = Debug|Any CPU
		{FCC1F528-C205-4201-B86A-50194F11FC99}.Debug-Local|Any CPU.ActiveCfg = Debug-Local|Any CPU
		{FCC1F528-C205-4201-B86A-50194F11FC99}.Debug-Local|Any CPU.Build.0 = Debug-Local|Any CPU
		{FCC1F528-C205-4201-B86A-50194F11FC99}.Release|Any CPU.ActiveCfg = Release|Any CPU
		{FCC1F528-C205-4201-B86A-50194F11FC99}.Release|Any CPU.Build.0 = Release|Any CPU
		{5080C03E-8E6D-4C27-BE39-3E563821E3D2}.Database_Migration|Any CPU.ActiveCfg = Database_Migration|Any CPU
		{5080C03E-8E6D-4C27-BE39-3E563821E3D2}.Database_Migration|Any CPU.Build.0 = Database_Migration|Any CPU
		{5080C03E-8E6D-4C27-BE39-3E563821E3D2}.DEBUG_LOCAL|Any CPU.ActiveCfg = DEBUG_LOCAL|Any CPU
		{5080C03E-8E6D-4C27-BE39-3E563821E3D2}.DEBUG_LOCAL|Any CPU.Build.0 = DEBUG_LOCAL|Any CPU
		{5080C03E-8E6D-4C27-BE39-3E563821E3D2}.Debug|Any CPU.ActiveCfg = Debug|Any CPU
		{5080C03E-8E6D-4C27-BE39-3E563821E3D2}.Debug|Any CPU.Build.0 = Debug|Any CPU
		{5080C03E-8E6D-4C27-BE39-3E563821E3D2}.Debug-Local|Any CPU.ActiveCfg = Debug-Local|Any CPU
		{5080C03E-8E6D-4C27-BE39-3E563821E3D2}.Debug-Local|Any CPU.Build.0 = Debug-Local|Any CPU
		{5080C03E-8E6D-4C27-BE39-3E563821E3D2}.Release|Any CPU.ActiveCfg = Release|Any CPU
		{5080C03E-8E6D-4C27-BE39-3E563821E3D2}.Release|Any CPU.Build.0 = Release|Any CPU
		{E2B40445-D90B-430D-8BA4-A321628D6C9E}.Database_Migration|Any CPU.ActiveCfg = Database_Migration|Any CPU
		{E2B40445-D90B-430D-8BA4-A321628D6C9E}.Database_Migration|Any CPU.Build.0 = Database_Migration|Any CPU
		{E2B40445-D90B-430D-8BA4-A321628D6C9E}.DEBUG_LOCAL|Any CPU.ActiveCfg = DEBUG_LOCAL|Any CPU
		{E2B40445-D90B-430D-8BA4-A321628D6C9E}.DEBUG_LOCAL|Any CPU.Build.0 = DEBUG_LOCAL|Any CPU
		{E2B40445-D90B-430D-8BA4-A321628D6C9E}.Debug|Any CPU.ActiveCfg = Debug|Any CPU
		{E2B40445-D90B-430D-8BA4-A321628D6C9E}.Debug|Any CPU.Build.0 = Debug|Any CPU
		{E2B40445-D90B-430D-8BA4-A321628D6C9E}.Debug-Local|Any CPU.ActiveCfg = Debug|Any CPU
		{E2B40445-D90B-430D-8BA4-A321628D6C9E}.Debug-Local|Any CPU.Build.0 = Debug|Any CPU
		{E2B40445-D90B-430D-8BA4-A321628D6C9E}.Release|Any CPU.ActiveCfg = Release|Any CPU
		{E2B40445-D90B-430D-8BA4-A321628D6C9E}.Release|Any CPU.Build.0 = Release|Any CPU
		{9C4FE235-CEEE-4787-9C7F-9E6198D02364}.Database_Migration|Any CPU.ActiveCfg = Database_Migration|Any CPU
		{9C4FE235-CEEE-4787-9C7F-9E6198D02364}.Database_Migration|Any CPU.Build.0 = Database_Migration|Any CPU
		{9C4FE235-CEEE-4787-9C7F-9E6198D02364}.DEBUG_LOCAL|Any CPU.ActiveCfg = DEBUG_LOCAL|Any CPU
		{9C4FE235-CEEE-4787-9C7F-9E6198D02364}.DEBUG_LOCAL|Any CPU.Build.0 = DEBUG_LOCAL|Any CPU
		{9C4FE235-CEEE-4787-9C7F-9E6198D02364}.Debug|Any CPU.ActiveCfg = Debug|Any CPU
		{9C4FE235-CEEE-4787-9C7F-9E6198D02364}.Debug|Any CPU.Build.0 = Debug|Any CPU
		{9C4FE235-CEEE-4787-9C7F-9E6198D02364}.Debug-Local|Any CPU.ActiveCfg = Debug-Local|Any CPU
		{9C4FE235-CEEE-4787-9C7F-9E6198D02364}.Debug-Local|Any CPU.Build.0 = Debug-Local|Any CPU
		{9C4FE235-CEEE-4787-9C7F-9E6198D02364}.Release|Any CPU.ActiveCfg = Release|Any CPU
		{9C4FE235-CEEE-4787-9C7F-9E6198D02364}.Release|Any CPU.Build.0 = Release|Any CPU
		{07357D90-27C3-4CA3-BB57-201DDCD03875}.Database_Migration|Any CPU.ActiveCfg = Database_Migration|Any CPU
		{07357D90-27C3-4CA3-BB57-201DDCD03875}.Database_Migration|Any CPU.Build.0 = Database_Migration|Any CPU
		{07357D90-27C3-4CA3-BB57-201DDCD03875}.DEBUG_LOCAL|Any CPU.ActiveCfg = DEBUG_LOCAL|Any CPU
		{07357D90-27C3-4CA3-BB57-201DDCD03875}.DEBUG_LOCAL|Any CPU.Build.0 = DEBUG_LOCAL|Any CPU
		{07357D90-27C3-4CA3-BB57-201DDCD03875}.Debug|Any CPU.ActiveCfg = Debug|Any CPU
		{07357D90-27C3-4CA3-BB57-201DDCD03875}.Debug|Any CPU.Build.0 = Debug|Any CPU
		{07357D90-27C3-4CA3-BB57-201DDCD03875}.Debug-Local|Any CPU.ActiveCfg = Debug|Any CPU
		{07357D90-27C3-4CA3-BB57-201DDCD03875}.Debug-Local|Any CPU.Build.0 = Debug|Any CPU
		{07357D90-27C3-4CA3-BB57-201DDCD03875}.Release|Any CPU.ActiveCfg = Release|Any CPU
		{07357D90-27C3-4CA3-BB57-201DDCD03875}.Release|Any CPU.Build.0 = Release|Any CPU
		{A4A46064-B720-4B94-862F-7FEEAC4127EA}.Database_Migration|Any CPU.ActiveCfg = Database_Migration|Any CPU
		{A4A46064-B720-4B94-862F-7FEEAC4127EA}.Database_Migration|Any CPU.Build.0 = Database_Migration|Any CPU
		{A4A46064-B720-4B94-862F-7FEEAC4127EA}.DEBUG_LOCAL|Any CPU.ActiveCfg = DEBUG_LOCAL|Any CPU
		{A4A46064-B720-4B94-862F-7FEEAC4127EA}.DEBUG_LOCAL|Any CPU.Build.0 = DEBUG_LOCAL|Any CPU
		{A4A46064-B720-4B94-862F-7FEEAC4127EA}.Debug|Any CPU.ActiveCfg = Debug|Any CPU
		{A4A46064-B720-4B94-862F-7FEEAC4127EA}.Debug|Any CPU.Build.0 = Debug|Any CPU
		{A4A46064-B720-4B94-862F-7FEEAC4127EA}.Debug-Local|Any CPU.ActiveCfg = Debug-Local|Any CPU
		{A4A46064-B720-4B94-862F-7FEEAC4127EA}.Debug-Local|Any CPU.Build.0 = Debug-Local|Any CPU
		{A4A46064-B720-4B94-862F-7FEEAC4127EA}.Release|Any CPU.ActiveCfg = Release|Any CPU
		{A4A46064-B720-4B94-862F-7FEEAC4127EA}.Release|Any CPU.Build.0 = Release|Any CPU
		{ED9F1478-40FB-4C09-9CEC-0169662C8C5A}.Database_Migration|Any CPU.ActiveCfg = Database_Migration|Any CPU
		{ED9F1478-40FB-4C09-9CEC-0169662C8C5A}.Database_Migration|Any CPU.Build.0 = Database_Migration|Any CPU
		{ED9F1478-40FB-4C09-9CEC-0169662C8C5A}.DEBUG_LOCAL|Any CPU.ActiveCfg = Debug_Local|Any CPU
		{ED9F1478-40FB-4C09-9CEC-0169662C8C5A}.DEBUG_LOCAL|Any CPU.Build.0 = Debug_Local|Any CPU
		{ED9F1478-40FB-4C09-9CEC-0169662C8C5A}.Debug|Any CPU.ActiveCfg = Debug|Any CPU
		{ED9F1478-40FB-4C09-9CEC-0169662C8C5A}.Debug|Any CPU.Build.0 = Debug|Any CPU
		{ED9F1478-40FB-4C09-9CEC-0169662C8C5A}.Debug-Local|Any CPU.ActiveCfg = Debug|Any CPU
		{ED9F1478-40FB-4C09-9CEC-0169662C8C5A}.Debug-Local|Any CPU.Build.0 = Debug|Any CPU
		{ED9F1478-40FB-4C09-9CEC-0169662C8C5A}.Release|Any CPU.ActiveCfg = Release|Any CPU
		{ED9F1478-40FB-4C09-9CEC-0169662C8C5A}.Release|Any CPU.Build.0 = Release|Any CPU
		{2CE6DE11-C258-4723-BBB5-8CA4F3CC926A}.Database_Migration|Any CPU.ActiveCfg = Debug|Any CPU
		{2CE6DE11-C258-4723-BBB5-8CA4F3CC926A}.Database_Migration|Any CPU.Build.0 = Debug|Any CPU
		{2CE6DE11-C258-4723-BBB5-8CA4F3CC926A}.DEBUG_LOCAL|Any CPU.ActiveCfg = Debug_Local|Any CPU
		{2CE6DE11-C258-4723-BBB5-8CA4F3CC926A}.DEBUG_LOCAL|Any CPU.Build.0 = Debug_Local|Any CPU
		{2CE6DE11-C258-4723-BBB5-8CA4F3CC926A}.Debug|Any CPU.ActiveCfg = Debug|Any CPU
		{2CE6DE11-C258-4723-BBB5-8CA4F3CC926A}.Debug|Any CPU.Build.0 = Debug|Any CPU
		{2CE6DE11-C258-4723-BBB5-8CA4F3CC926A}.Debug-Local|Any CPU.ActiveCfg = Debug_Local|Any CPU
		{2CE6DE11-C258-4723-BBB5-8CA4F3CC926A}.Debug-Local|Any CPU.Build.0 = Debug_Local|Any CPU
		{2CE6DE11-C258-4723-BBB5-8CA4F3CC926A}.Release|Any CPU.ActiveCfg = Release|Any CPU
		{2CE6DE11-C258-4723-BBB5-8CA4F3CC926A}.Release|Any CPU.Build.0 = Release|Any CPU
		{F79CC27C-A429-4275-9854-688F5AEB81E9}.Database_Migration|Any CPU.ActiveCfg = Debug|Any CPU
		{F79CC27C-A429-4275-9854-688F5AEB81E9}.Database_Migration|Any CPU.Build.0 = Debug|Any CPU
		{F79CC27C-A429-4275-9854-688F5AEB81E9}.DEBUG_LOCAL|Any CPU.ActiveCfg = Debug_Local|Any CPU
		{F79CC27C-A429-4275-9854-688F5AEB81E9}.DEBUG_LOCAL|Any CPU.Build.0 = Debug_Local|Any CPU
		{F79CC27C-A429-4275-9854-688F5AEB81E9}.Debug|Any CPU.ActiveCfg = Debug|Any CPU
		{F79CC27C-A429-4275-9854-688F5AEB81E9}.Debug|Any CPU.Build.0 = Debug|Any CPU
		{F79CC27C-A429-4275-9854-688F5AEB81E9}.Debug-Local|Any CPU.ActiveCfg = Debug_Local|Any CPU
		{F79CC27C-A429-4275-9854-688F5AEB81E9}.Debug-Local|Any CPU.Build.0 = Debug_Local|Any CPU
		{F79CC27C-A429-4275-9854-688F5AEB81E9}.Release|Any CPU.ActiveCfg = Release|Any CPU
		{F79CC27C-A429-4275-9854-688F5AEB81E9}.Release|Any CPU.Build.0 = Release|Any CPU
		{4E15BFBA-E442-453F-BD29-0C9F4E0711B6}.Database_Migration|Any CPU.ActiveCfg = Debug|Any CPU
		{4E15BFBA-E442-453F-BD29-0C9F4E0711B6}.Database_Migration|Any CPU.Build.0 = Debug|Any CPU
		{4E15BFBA-E442-453F-BD29-0C9F4E0711B6}.DEBUG_LOCAL|Any CPU.ActiveCfg = Debug_Local|Any CPU
		{4E15BFBA-E442-453F-BD29-0C9F4E0711B6}.DEBUG_LOCAL|Any CPU.Build.0 = Debug_Local|Any CPU
		{4E15BFBA-E442-453F-BD29-0C9F4E0711B6}.Debug|Any CPU.ActiveCfg = Debug|Any CPU
		{4E15BFBA-E442-453F-BD29-0C9F4E0711B6}.Debug|Any CPU.Build.0 = Debug|Any CPU
		{4E15BFBA-E442-453F-BD29-0C9F4E0711B6}.Debug-Local|Any CPU.ActiveCfg = Debug_Local|Any CPU
		{4E15BFBA-E442-453F-BD29-0C9F4E0711B6}.Debug-Local|Any CPU.Build.0 = Debug_Local|Any CPU
		{4E15BFBA-E442-453F-BD29-0C9F4E0711B6}.Release|Any CPU.ActiveCfg = Release|Any CPU
		{4E15BFBA-E442-453F-BD29-0C9F4E0711B6}.Release|Any CPU.Build.0 = Release|Any CPU
		{F425A136-0D9E-4A01-9C44-5D881C088EDE}.Database_Migration|Any CPU.ActiveCfg = Database_Migration|Any CPU
		{F425A136-0D9E-4A01-9C44-5D881C088EDE}.Database_Migration|Any CPU.Build.0 = Database_Migration|Any CPU
		{F425A136-0D9E-4A01-9C44-5D881C088EDE}.DEBUG_LOCAL|Any CPU.ActiveCfg = Debug_Local|Any CPU
		{F425A136-0D9E-4A01-9C44-5D881C088EDE}.DEBUG_LOCAL|Any CPU.Build.0 = Debug_Local|Any CPU
		{F425A136-0D9E-4A01-9C44-5D881C088EDE}.Debug|Any CPU.ActiveCfg = Debug|Any CPU
		{F425A136-0D9E-4A01-9C44-5D881C088EDE}.Debug|Any CPU.Build.0 = Debug|Any CPU
		{F425A136-0D9E-4A01-9C44-5D881C088EDE}.Debug-Local|Any CPU.ActiveCfg = Debug|Any CPU
		{F425A136-0D9E-4A01-9C44-5D881C088EDE}.Debug-Local|Any CPU.Build.0 = Debug|Any CPU
		{F425A136-0D9E-4A01-9C44-5D881C088EDE}.Release|Any CPU.ActiveCfg = Release|Any CPU
		{F425A136-0D9E-4A01-9C44-5D881C088EDE}.Release|Any CPU.Build.0 = Release|Any CPU
		{135FE2E9-A4E3-41FD-BCB6-C914BD08BC73}.Database_Migration|Any CPU.ActiveCfg = Database_Migration|Any CPU
		{135FE2E9-A4E3-41FD-BCB6-C914BD08BC73}.Database_Migration|Any CPU.Build.0 = Database_Migration|Any CPU
		{135FE2E9-A4E3-41FD-BCB6-C914BD08BC73}.DEBUG_LOCAL|Any CPU.ActiveCfg = DEBUG_LOCAL|Any CPU
		{135FE2E9-A4E3-41FD-BCB6-C914BD08BC73}.DEBUG_LOCAL|Any CPU.Build.0 = DEBUG_LOCAL|Any CPU
		{135FE2E9-A4E3-41FD-BCB6-C914BD08BC73}.Debug|Any CPU.ActiveCfg = Debug|Any CPU
		{135FE2E9-A4E3-41FD-BCB6-C914BD08BC73}.Debug|Any CPU.Build.0 = Debug|Any CPU
		{135FE2E9-A4E3-41FD-BCB6-C914BD08BC73}.Debug-Local|Any CPU.ActiveCfg = Debug-Local|Any CPU
		{135FE2E9-A4E3-41FD-BCB6-C914BD08BC73}.Debug-Local|Any CPU.Build.0 = Debug-Local|Any CPU
		{135FE2E9-A4E3-41FD-BCB6-C914BD08BC73}.Release|Any CPU.ActiveCfg = Release|Any CPU
		{135FE2E9-A4E3-41FD-BCB6-C914BD08BC73}.Release|Any CPU.Build.0 = Release|Any CPU
		{550C16F4-7770-4AA5-AC7E-D994861EA57B}.Database_Migration|Any CPU.ActiveCfg = Database_Migration|Any CPU
		{550C16F4-7770-4AA5-AC7E-D994861EA57B}.Database_Migration|Any CPU.Build.0 = Database_Migration|Any CPU
		{550C16F4-7770-4AA5-AC7E-D994861EA57B}.DEBUG_LOCAL|Any CPU.ActiveCfg = DEBUG_LOCAL|Any CPU
		{550C16F4-7770-4AA5-AC7E-D994861EA57B}.DEBUG_LOCAL|Any CPU.Build.0 = DEBUG_LOCAL|Any CPU
		{550C16F4-7770-4AA5-AC7E-D994861EA57B}.Debug|Any CPU.ActiveCfg = Debug|Any CPU
		{550C16F4-7770-4AA5-AC7E-D994861EA57B}.Debug|Any CPU.Build.0 = Debug|Any CPU
		{550C16F4-7770-4AA5-AC7E-D994861EA57B}.Debug-Local|Any CPU.ActiveCfg = Debug-Local|Any CPU
		{550C16F4-7770-4AA5-AC7E-D994861EA57B}.Debug-Local|Any CPU.Build.0 = Debug-Local|Any CPU
		{550C16F4-7770-4AA5-AC7E-D994861EA57B}.Release|Any CPU.ActiveCfg = Release|Any CPU
		{550C16F4-7770-4AA5-AC7E-D994861EA57B}.Release|Any CPU.Build.0 = Release|Any CPU
		{5C565DDD-54B1-4171-A14E-56B58ABE1507}.Database_Migration|Any CPU.ActiveCfg = Database_Migration|Any CPU
		{5C565DDD-54B1-4171-A14E-56B58ABE1507}.Database_Migration|Any CPU.Build.0 = Database_Migration|Any CPU
		{5C565DDD-54B1-4171-A14E-56B58ABE1507}.DEBUG_LOCAL|Any CPU.ActiveCfg = Debug_Local|Any CPU
		{5C565DDD-54B1-4171-A14E-56B58ABE1507}.DEBUG_LOCAL|Any CPU.Build.0 = Debug_Local|Any CPU
		{5C565DDD-54B1-4171-A14E-56B58ABE1507}.Debug|Any CPU.ActiveCfg = Debug|Any CPU
		{5C565DDD-54B1-4171-A14E-56B58ABE1507}.Debug|Any CPU.Build.0 = Debug|Any CPU
		{5C565DDD-54B1-4171-A14E-56B58ABE1507}.Debug-Local|Any CPU.ActiveCfg = Debug_Local|Any CPU
		{5C565DDD-54B1-4171-A14E-56B58ABE1507}.Debug-Local|Any CPU.Build.0 = Debug_Local|Any CPU
		{5C565DDD-54B1-4171-A14E-56B58ABE1507}.Release|Any CPU.ActiveCfg = Release|Any CPU
		{5C565DDD-54B1-4171-A14E-56B58ABE1507}.Release|Any CPU.Build.0 = Release|Any CPU
		{C41FF379-086B-4911-A4B6-4EAFFE20366F}.Database_Migration|Any CPU.ActiveCfg = Debug_Local|Any CPU
		{C41FF379-086B-4911-A4B6-4EAFFE20366F}.Database_Migration|Any CPU.Build.0 = Debug_Local|Any CPU
		{C41FF379-086B-4911-A4B6-4EAFFE20366F}.DEBUG_LOCAL|Any CPU.ActiveCfg = Debug_Local|Any CPU
		{C41FF379-086B-4911-A4B6-4EAFFE20366F}.DEBUG_LOCAL|Any CPU.Build.0 = Debug_Local|Any CPU
		{C41FF379-086B-4911-A4B6-4EAFFE20366F}.Debug|Any CPU.ActiveCfg = Debug|Any CPU
		{C41FF379-086B-4911-A4B6-4EAFFE20366F}.Debug|Any CPU.Build.0 = Debug|Any CPU
		{C41FF379-086B-4911-A4B6-4EAFFE20366F}.Debug-Local|Any CPU.ActiveCfg = Debug_Local|Any CPU
		{C41FF379-086B-4911-A4B6-4EAFFE20366F}.Debug-Local|Any CPU.Build.0 = Debug_Local|Any CPU
		{C41FF379-086B-4911-A4B6-4EAFFE20366F}.Release|Any CPU.ActiveCfg = Release|Any CPU
		{C41FF379-086B-4911-A4B6-4EAFFE20366F}.Release|Any CPU.Build.0 = Release|Any CPU
		{60B737B8-8004-4E2C-AB99-9D49D751B07A}.Database_Migration|Any CPU.ActiveCfg = Debug|Any CPU
		{60B737B8-8004-4E2C-AB99-9D49D751B07A}.Database_Migration|Any CPU.Build.0 = Debug|Any CPU
		{60B737B8-8004-4E2C-AB99-9D49D751B07A}.DEBUG_LOCAL|Any CPU.ActiveCfg = Debug|Any CPU
		{60B737B8-8004-4E2C-AB99-9D49D751B07A}.DEBUG_LOCAL|Any CPU.Build.0 = Debug|Any CPU
		{60B737B8-8004-4E2C-AB99-9D49D751B07A}.Debug|Any CPU.ActiveCfg = Debug|Any CPU
		{60B737B8-8004-4E2C-AB99-9D49D751B07A}.Debug|Any CPU.Build.0 = Debug|Any CPU
		{60B737B8-8004-4E2C-AB99-9D49D751B07A}.Debug-Local|Any CPU.ActiveCfg = Debug|Any CPU
		{60B737B8-8004-4E2C-AB99-9D49D751B07A}.Debug-Local|Any CPU.Build.0 = Debug|Any CPU
		{60B737B8-8004-4E2C-AB99-9D49D751B07A}.Release|Any CPU.ActiveCfg = Release|Any CPU
		{60B737B8-8004-4E2C-AB99-9D49D751B07A}.Release|Any CPU.Build.0 = Release|Any CPU
		{D0371103-0B15-4DED-A7E1-D49EBD697822}.Database_Migration|Any CPU.ActiveCfg = Debug|Any CPU
		{D0371103-0B15-4DED-A7E1-D49EBD697822}.Database_Migration|Any CPU.Build.0 = Debug|Any CPU
		{D0371103-0B15-4DED-A7E1-D49EBD697822}.DEBUG_LOCAL|Any CPU.ActiveCfg = Debug|Any CPU
		{D0371103-0B15-4DED-A7E1-D49EBD697822}.DEBUG_LOCAL|Any CPU.Build.0 = Debug|Any CPU
		{D0371103-0B15-4DED-A7E1-D49EBD697822}.Debug|Any CPU.ActiveCfg = Debug|Any CPU
		{D0371103-0B15-4DED-A7E1-D49EBD697822}.Debug|Any CPU.Build.0 = Debug|Any CPU
		{D0371103-0B15-4DED-A7E1-D49EBD697822}.Debug-Local|Any CPU.ActiveCfg = Debug|Any CPU
		{D0371103-0B15-4DED-A7E1-D49EBD697822}.Debug-Local|Any CPU.Build.0 = Debug|Any CPU
		{D0371103-0B15-4DED-A7E1-D49EBD697822}.Release|Any CPU.ActiveCfg = Release|Any CPU
		{D0371103-0B15-4DED-A7E1-D49EBD697822}.Release|Any CPU.Build.0 = Release|Any CPU
		{0D585F41-CF7D-4DDF-A9D3-0C0B7C36EB5B}.Database_Migration|Any CPU.ActiveCfg = Debug|Any CPU
		{0D585F41-CF7D-4DDF-A9D3-0C0B7C36EB5B}.Database_Migration|Any CPU.Build.0 = Debug|Any CPU
		{0D585F41-CF7D-4DDF-A9D3-0C0B7C36EB5B}.DEBUG_LOCAL|Any CPU.ActiveCfg = Debug|Any CPU
		{0D585F41-CF7D-4DDF-A9D3-0C0B7C36EB5B}.DEBUG_LOCAL|Any CPU.Build.0 = Debug|Any CPU
		{0D585F41-CF7D-4DDF-A9D3-0C0B7C36EB5B}.Debug|Any CPU.ActiveCfg = Debug|Any CPU
		{0D585F41-CF7D-4DDF-A9D3-0C0B7C36EB5B}.Debug|Any CPU.Build.0 = Debug|Any CPU
		{0D585F41-CF7D-4DDF-A9D3-0C0B7C36EB5B}.Debug-Local|Any CPU.ActiveCfg = Debug|Any CPU
		{0D585F41-CF7D-4DDF-A9D3-0C0B7C36EB5B}.Debug-Local|Any CPU.Build.0 = Debug|Any CPU
		{0D585F41-CF7D-4DDF-A9D3-0C0B7C36EB5B}.Release|Any CPU.ActiveCfg = Release|Any CPU
		{0D585F41-CF7D-4DDF-A9D3-0C0B7C36EB5B}.Release|Any CPU.Build.0 = Release|Any CPU
		{E58ACEB9-B387-45FE-8FD3-C77BA504976A}.Database_Migration|Any CPU.ActiveCfg = Debug|Any CPU
		{E58ACEB9-B387-45FE-8FD3-C77BA504976A}.Database_Migration|Any CPU.Build.0 = Debug|Any CPU
		{E58ACEB9-B387-45FE-8FD3-C77BA504976A}.DEBUG_LOCAL|Any CPU.ActiveCfg = Debug|Any CPU
		{E58ACEB9-B387-45FE-8FD3-C77BA504976A}.DEBUG_LOCAL|Any CPU.Build.0 = Debug|Any CPU
		{E58ACEB9-B387-45FE-8FD3-C77BA504976A}.Debug|Any CPU.ActiveCfg = Debug|Any CPU
		{E58ACEB9-B387-45FE-8FD3-C77BA504976A}.Debug|Any CPU.Build.0 = Debug|Any CPU
		{E58ACEB9-B387-45FE-8FD3-C77BA504976A}.Debug-Local|Any CPU.ActiveCfg = Debug|Any CPU
		{E58ACEB9-B387-45FE-8FD3-C77BA504976A}.Debug-Local|Any CPU.Build.0 = Debug|Any CPU
		{E58ACEB9-B387-45FE-8FD3-C77BA504976A}.Release|Any CPU.ActiveCfg = Release|Any CPU
		{E58ACEB9-B387-45FE-8FD3-C77BA504976A}.Release|Any CPU.Build.0 = Release|Any CPU
	EndGlobalSection
	GlobalSection(SolutionProperties) = preSolution
		HideSolutionNode = FALSE
	EndGlobalSection
	GlobalSection(NestedProjects) = preSolution
		{98B85CCA-E727-485B-AD3C-68AC2A2B0364} = {82223BC2-FD46-45B7-8714-A1BBB6FACC0E}
		{9A3A80BD-9A88-4604-B1C2-3BEB94773807} = {98B85CCA-E727-485B-AD3C-68AC2A2B0364}
		{0478C448-622F-4C60-BDBB-E103D4A2520B} = {98B85CCA-E727-485B-AD3C-68AC2A2B0364}
		{8C598CE2-9578-41F6-A195-24678617AE6F} = {82223BC2-FD46-45B7-8714-A1BBB6FACC0E}
		{34319D14-B040-4575-8FD4-CCCCCE34B6D7} = {8C598CE2-9578-41F6-A195-24678617AE6F}
		{572E4B21-970E-4889-9B0D-357816B1307C} = {82223BC2-FD46-45B7-8714-A1BBB6FACC0E}
		{04FD917B-A6D1-419F-B51E-0D5BD0EDECDD} = {572E4B21-970E-4889-9B0D-357816B1307C}
		{53CC7F88-A56D-4280-BEE3-5A8170555D7B} = {FCFAE99C-C28A-44B7-A7BE-F9D5481C35B9}
		{FCC1F528-C205-4201-B86A-50194F11FC99} = {0478C448-622F-4C60-BDBB-E103D4A2520B}
		{5080C03E-8E6D-4C27-BE39-3E563821E3D2} = {0478C448-622F-4C60-BDBB-E103D4A2520B}
		{E2B40445-D90B-430D-8BA4-A321628D6C9E} = {8C598CE2-9578-41F6-A195-24678617AE6F}
		{9C4FE235-CEEE-4787-9C7F-9E6198D02364} = {572E4B21-970E-4889-9B0D-357816B1307C}
		{07357D90-27C3-4CA3-BB57-201DDCD03875} = {8C598CE2-9578-41F6-A195-24678617AE6F}
		{A4A46064-B720-4B94-862F-7FEEAC4127EA} = {0478C448-622F-4C60-BDBB-E103D4A2520B}
		{ED9F1478-40FB-4C09-9CEC-0169662C8C5A} = {0478C448-622F-4C60-BDBB-E103D4A2520B}
		{2CE6DE11-C258-4723-BBB5-8CA4F3CC926A} = {98B85CCA-E727-485B-AD3C-68AC2A2B0364}
		{F79CC27C-A429-4275-9854-688F5AEB81E9} = {572E4B21-970E-4889-9B0D-357816B1307C}
		{4E15BFBA-E442-453F-BD29-0C9F4E0711B6} = {572E4B21-970E-4889-9B0D-357816B1307C}
		{F425A136-0D9E-4A01-9C44-5D881C088EDE} = {98B85CCA-E727-485B-AD3C-68AC2A2B0364}
		{135FE2E9-A4E3-41FD-BCB6-C914BD08BC73} = {FCFAE99C-C28A-44B7-A7BE-F9D5481C35B9}
		{550C16F4-7770-4AA5-AC7E-D994861EA57B} = {FCFAE99C-C28A-44B7-A7BE-F9D5481C35B9}
		{5C565DDD-54B1-4171-A14E-56B58ABE1507} = {4AF2F4D3-7259-4BD7-BA87-E4F05244A48B}
		{C41FF379-086B-4911-A4B6-4EAFFE20366F} = {572E4B21-970E-4889-9B0D-357816B1307C}
		{4AF2F4D3-7259-4BD7-BA87-E4F05244A48B} = {98B85CCA-E727-485B-AD3C-68AC2A2B0364}
		{60B737B8-8004-4E2C-AB99-9D49D751B07A} = {98B85CCA-E727-485B-AD3C-68AC2A2B0364}
		{D0FA9394-9069-405B-9E01-274A489B84A2} = {82223BC2-FD46-45B7-8714-A1BBB6FACC0E}
		{D0371103-0B15-4DED-A7E1-D49EBD697822} = {D0FA9394-9069-405B-9E01-274A489B84A2}
		{0D585F41-CF7D-4DDF-A9D3-0C0B7C36EB5B} = {572E4B21-970E-4889-9B0D-357816B1307C}
		{E58ACEB9-B387-45FE-8FD3-C77BA504976A} = {8C598CE2-9578-41F6-A195-24678617AE6F}
	EndGlobalSection
	GlobalSection(ExtensibilityGlobals) = postSolution
		SolutionGuid = {886DD3D7-35E3-42F0-8CE9-74FB5AD7BBD0}
	EndGlobalSection
EndGlobal
