
Microsoft Visual Studio Solution File, Format Version 12.00
# Visual Studio 15
VisualStudioVersion = 15.0.27130.2010
MinimumVisualStudioVersion = 10.0.40219.1
Project("{2150E333-8FDC-42A3-9474-1A3956D46DE8}") = "src", "src", "{82223BC2-FD46-45B7-8714-A1BBB6FACC0E}"
EndProject
Project("{2150E333-8FDC-42A3-9474-1A3956D46DE8}") = "tests", "tests", "{FCFAE99C-C28A-44B7-A7BE-F9D5481C35B9}"
EndProject
Project("{2150E333-8FDC-42A3-9474-1A3956D46DE8}") = "Server", "Server", "{98B85CCA-E727-485B-AD3C-68AC2A2B0364}"
EndProject
Project("{9A19103F-16F7-4668-BE54-9A1E7A4F7556}") = "Guardians.Server.Common", "src\Server\Guardians.Server.Common\Guardians.Server.Common.csproj", "{9A3A80BD-9A88-4604-B1C2-3BEB94773807}"
EndProject
Project("{2150E333-8FDC-42A3-9474-1A3956D46DE8}") = "Applications", "Applications", "{0478C448-622F-4C60-BDBB-E103D4A2520B}"
EndProject
Project("{9A19103F-16F7-4668-BE54-9A1E7A4F7556}") = "Guardians.Service.Authentication", "src\Server\Guardians.Service.Authentication\Guardians.Service.Authentication.csproj", "{5D673CE9-EC3C-47B5-83E9-D20F80334D82}"
EndProject
Global
	GlobalSection(SolutionConfigurationPlatforms) = preSolution
		Debug|Any CPU = Debug|Any CPU
		Release|Any CPU = Release|Any CPU
	EndGlobalSection
	GlobalSection(ProjectConfigurationPlatforms) = postSolution
		{9A3A80BD-9A88-4604-B1C2-3BEB94773807}.Debug|Any CPU.ActiveCfg = Debug|Any CPU
		{9A3A80BD-9A88-4604-B1C2-3BEB94773807}.Debug|Any CPU.Build.0 = Debug|Any CPU
		{9A3A80BD-9A88-4604-B1C2-3BEB94773807}.Release|Any CPU.ActiveCfg = Release|Any CPU
		{9A3A80BD-9A88-4604-B1C2-3BEB94773807}.Release|Any CPU.Build.0 = Release|Any CPU
		{5D673CE9-EC3C-47B5-83E9-D20F80334D82}.Debug|Any CPU.ActiveCfg = Debug|Any CPU
		{5D673CE9-EC3C-47B5-83E9-D20F80334D82}.Debug|Any CPU.Build.0 = Debug|Any CPU
		{5D673CE9-EC3C-47B5-83E9-D20F80334D82}.Release|Any CPU.ActiveCfg = Release|Any CPU
		{5D673CE9-EC3C-47B5-83E9-D20F80334D82}.Release|Any CPU.Build.0 = Release|Any CPU
	EndGlobalSection
	GlobalSection(SolutionProperties) = preSolution
		HideSolutionNode = FALSE
	EndGlobalSection
	GlobalSection(NestedProjects) = preSolution
		{98B85CCA-E727-485B-AD3C-68AC2A2B0364} = {82223BC2-FD46-45B7-8714-A1BBB6FACC0E}
		{9A3A80BD-9A88-4604-B1C2-3BEB94773807} = {98B85CCA-E727-485B-AD3C-68AC2A2B0364}
		{0478C448-622F-4C60-BDBB-E103D4A2520B} = {98B85CCA-E727-485B-AD3C-68AC2A2B0364}
		{5D673CE9-EC3C-47B5-83E9-D20F80334D82} = {0478C448-622F-4C60-BDBB-E103D4A2520B}
	EndGlobalSection
	GlobalSection(ExtensibilityGlobals) = postSolution
		SolutionGuid = {886DD3D7-35E3-42F0-8CE9-74FB5AD7BBD0}
	EndGlobalSection
EndGlobal
